
Microsoft Visual Studio Solution File, Format Version 12.00
# Visual Studio Version 17
VisualStudioVersion = 17.7.34031.279
MinimumVisualStudioVersion = 10.0.40219.1
Project("{8BC9CEB8-8B4A-11D0-8D11-00A0C91BC942}") = "Bai005", "Bai005\Bai005.vcxproj", "{D51C398F-38C9-466D-8C19-F6D2F0059441}"
EndProject
Project("{8BC9CEB8-8B4A-11D0-8D11-00A0C91BC942}") = "Bai010", "Bai010\Bai010.vcxproj", "{FD44C445-C4F9-491A-AC55-B51FC1AC4470}"
EndProject
Project("{8BC9CEB8-8B4A-11D0-8D11-00A0C91BC942}") = "Bai015", "Bai015\Bai015.vcxproj", "{DA6BAE17-44A4-4030-B752-E89056FB7269}"
EndProject
Project("{8BC9CEB8-8B4A-11D0-8D11-00A0C91BC942}") = "Bai020", "Bai020\Bai020.vcxproj", "{BDDE02C4-F147-4084-9A42-19633E967D18}"
EndProject
Project("{8BC9CEB8-8B4A-11D0-8D11-00A0C91BC942}") = "Bai025", "Bai025\Bai025.vcxproj", "{7F40579F-DB92-40BD-A6B9-95A94EAA16A5}"
EndProject
Project("{8BC9CEB8-8B4A-11D0-8D11-00A0C91BC942}") = "Bai030", "Bai030\Bai030.vcxproj", "{0EEECA32-D13B-48E6-8100-6D6C4C84C7B0}"
EndProject
Project("{8BC9CEB8-8B4A-11D0-8D11-00A0C91BC942}") = "Bai035", "Bai035\Bai035.vcxproj", "{7E8E086B-1C47-45AD-B66C-56EBC127EDE3}"
EndProject
Project("{8BC9CEB8-8B4A-11D0-8D11-00A0C91BC942}") = "Bai040", "Bai040\Bai040.vcxproj", "{A9C5E835-60D5-457D-A0E1-421617005582}"
EndProject
Project("{8BC9CEB8-8B4A-11D0-8D11-00A0C91BC942}") = "Bai045", "Bai045\Bai045.vcxproj", "{0B2331FA-60CC-4AE0-BD43-5C7BE421A9BB}"
EndProject
Project("{8BC9CEB8-8B4A-11D0-8D11-00A0C91BC942}") = "Bai050", "Bai050\Bai050.vcxproj", "{079CD687-2525-414B-BD8D-22C21F3DA761}"
EndProject
Project("{8BC9CEB8-8B4A-11D0-8D11-00A0C91BC942}") = "Bai055", "Bai055\Bai055.vcxproj", "{B3D811E9-C0D4-4900-BB3A-A7D42FB2FC44}"
EndProject
Project("{8BC9CEB8-8B4A-11D0-8D11-00A0C91BC942}") = "Bai060", "Bai060\Bai060.vcxproj", "{A314A886-59D2-4C0A-81A0-9416864FCFCC}"
EndProject
Project("{8BC9CEB8-8B4A-11D0-8D11-00A0C91BC942}") = "Bai065", "Bai065\Bai065.vcxproj", "{00B523D8-62A3-4B23-B5C3-795DDEDCB2B7}"
EndProject
Project("{8BC9CEB8-8B4A-11D0-8D11-00A0C91BC942}") = "Bai070", "Bai070\Bai070.vcxproj", "{1961C66C-F026-4BC9-8659-D8A5DF9DCBDB}"
EndProject
Project("{8BC9CEB8-8B4A-11D0-8D11-00A0C91BC942}") = "Bai075", "Bai075\Bai075.vcxproj", "{FE57A4C6-1ACF-48D7-AC8F-23A89B188E81}"
EndProject
Project("{8BC9CEB8-8B4A-11D0-8D11-00A0C91BC942}") = "Bai080", "Bai080\Bai080.vcxproj", "{4C1943C5-EF82-4295-88B8-CF01F17DD7B5}"
EndProject
Project("{8BC9CEB8-8B4A-11D0-8D11-00A0C91BC942}") = "Bai085", "Bai085\Bai085.vcxproj", "{0DEFC6C2-C405-4CE6-9C61-E8BA69A34140}"
EndProject
Project("{8BC9CEB8-8B4A-11D0-8D11-00A0C91BC942}") = "Bai090", "Bai090\Bai090.vcxproj", "{D3771E4C-A4F2-4811-9750-66DE30C85EDF}"
EndProject
Project("{8BC9CEB8-8B4A-11D0-8D11-00A0C91BC942}") = "Bai095", "Bai095\Bai095.vcxproj", "{5C32D91E-49AB-4C9C-8DE4-CF4AD03A033C}"
EndProject
Project("{8BC9CEB8-8B4A-11D0-8D11-00A0C91BC942}") = "Bai100", "Bai100\Bai100.vcxproj", "{6D454233-4F58-4A59-A0D8-B20109DE6F22}"
EndProject
Project("{8BC9CEB8-8B4A-11D0-8D11-00A0C91BC942}") = "Bai105", "Bai105\Bai105.vcxproj", "{1617774E-5EE9-49D2-8DCB-A9920AD0CD1E}"
EndProject
Project("{8BC9CEB8-8B4A-11D0-8D11-00A0C91BC942}") = "Bai110", "Bai110\Bai110.vcxproj", "{89956013-EBE9-4D27-B3C9-1E2CAC156F42}"
EndProject
Project("{8BC9CEB8-8B4A-11D0-8D11-00A0C91BC942}") = "Bai115", "Bai115\Bai115.vcxproj", "{5CAAC69C-934E-4025-A3B6-79C131F294AA}"
EndProject
Project("{8BC9CEB8-8B4A-11D0-8D11-00A0C91BC942}") = "Bai120", "Bai120\Bai120.vcxproj", "{6C293FA0-873A-4DB7-BE9E-D6CCC8D66368}"
EndProject
Project("{8BC9CEB8-8B4A-11D0-8D11-00A0C91BC942}") = "Bai125", "Bai125\Bai125.vcxproj", "{19E1B67C-793E-40C9-BD50-95653F6A0F18}"
EndProject
Project("{8BC9CEB8-8B4A-11D0-8D11-00A0C91BC942}") = "Bai130", "Bai130\Bai130.vcxproj", "{32FA27C7-53D0-40BD-9524-4F2F0FE37A70}"
EndProject
Project("{8BC9CEB8-8B4A-11D0-8D11-00A0C91BC942}") = "Bai135", "Bai135\Bai135.vcxproj", "{022897D6-9569-4891-ABB8-3191B48E2646}"
EndProject
Project("{8BC9CEB8-8B4A-11D0-8D11-00A0C91BC942}") = "Bai140", "Bai140\Bai140.vcxproj", "{1A0DAAB2-8472-4FD0-8335-8F9352E38F2C}"
EndProject
Project("{8BC9CEB8-8B4A-11D0-8D11-00A0C91BC942}") = "Bai145", "Bai145\Bai145.vcxproj", "{FC879CDD-4C34-4ADE-8371-D3B9EED2007D}"
EndProject
Project("{8BC9CEB8-8B4A-11D0-8D11-00A0C91BC942}") = "Bai150", "Bai150\Bai150.vcxproj", "{62C757A6-EF07-49D0-B23A-291E52604783}"
EndProject
Project("{8BC9CEB8-8B4A-11D0-8D11-00A0C91BC942}") = "Bai155", "Bai155\Bai155.vcxproj", "{94D7E033-6402-4085-AF7B-065295D28490}"
EndProject
Project("{8BC9CEB8-8B4A-11D0-8D11-00A0C91BC942}") = "Bai160", "Bai160\Bai160.vcxproj", "{3DD39188-7D36-406B-9056-F4993B3323AA}"
EndProject
Project("{8BC9CEB8-8B4A-11D0-8D11-00A0C91BC942}") = "Bai165", "Bai165\Bai165.vcxproj", "{A03B5787-22D6-46BD-8CBC-9CE53A34DBC1}"
EndProject
Project("{8BC9CEB8-8B4A-11D0-8D11-00A0C91BC942}") = "Bai175", "Bai175\Bai175.vcxproj", "{34F54E5C-0138-4F2D-9D22-2D32025CF19D}"
EndProject
Project("{8BC9CEB8-8B4A-11D0-8D11-00A0C91BC942}") = "Bai170", "Bai170\Bai170.vcxproj", "{82B4F870-4268-410D-8DCD-51CB2D7674F6}"
EndProject
Project("{8BC9CEB8-8B4A-11D0-8D11-00A0C91BC942}") = "Bai180", "Bai180\Bai180.vcxproj", "{096B735B-453B-417A-9CA6-BB32EB56ACCC}"
EndProject
Project("{8BC9CEB8-8B4A-11D0-8D11-00A0C91BC942}") = "Bai185", "Bai185\Bai185.vcxproj", "{11A469BE-FF68-49A3-8EB6-847FE29896CF}"
EndProject
Project("{8BC9CEB8-8B4A-11D0-8D11-00A0C91BC942}") = "Bai190", "Bai190\Bai190.vcxproj", "{865F0029-7413-42C3-8234-8FA12B641B86}"
EndProject
Global
	GlobalSection(SolutionConfigurationPlatforms) = preSolution
		Debug|x64 = Debug|x64
		Debug|x86 = Debug|x86
		Release|x64 = Release|x64
		Release|x86 = Release|x86
	EndGlobalSection
	GlobalSection(ProjectConfigurationPlatforms) = postSolution
		{D51C398F-38C9-466D-8C19-F6D2F0059441}.Debug|x64.ActiveCfg = Debug|x64
		{D51C398F-38C9-466D-8C19-F6D2F0059441}.Debug|x64.Build.0 = Debug|x64
		{D51C398F-38C9-466D-8C19-F6D2F0059441}.Debug|x86.ActiveCfg = Debug|Win32
		{D51C398F-38C9-466D-8C19-F6D2F0059441}.Debug|x86.Build.0 = Debug|Win32
		{D51C398F-38C9-466D-8C19-F6D2F0059441}.Release|x64.ActiveCfg = Release|x64
		{D51C398F-38C9-466D-8C19-F6D2F0059441}.Release|x64.Build.0 = Release|x64
		{D51C398F-38C9-466D-8C19-F6D2F0059441}.Release|x86.ActiveCfg = Release|Win32
		{D51C398F-38C9-466D-8C19-F6D2F0059441}.Release|x86.Build.0 = Release|Win32
		{FD44C445-C4F9-491A-AC55-B51FC1AC4470}.Debug|x64.ActiveCfg = Debug|x64
		{FD44C445-C4F9-491A-AC55-B51FC1AC4470}.Debug|x64.Build.0 = Debug|x64
		{FD44C445-C4F9-491A-AC55-B51FC1AC4470}.Debug|x86.ActiveCfg = Debug|Win32
		{FD44C445-C4F9-491A-AC55-B51FC1AC4470}.Debug|x86.Build.0 = Debug|Win32
		{FD44C445-C4F9-491A-AC55-B51FC1AC4470}.Release|x64.ActiveCfg = Release|x64
		{FD44C445-C4F9-491A-AC55-B51FC1AC4470}.Release|x64.Build.0 = Release|x64
		{FD44C445-C4F9-491A-AC55-B51FC1AC4470}.Release|x86.ActiveCfg = Release|Win32
		{FD44C445-C4F9-491A-AC55-B51FC1AC4470}.Release|x86.Build.0 = Release|Win32
		{DA6BAE17-44A4-4030-B752-E89056FB7269}.Debug|x64.ActiveCfg = Debug|x64
		{DA6BAE17-44A4-4030-B752-E89056FB7269}.Debug|x64.Build.0 = Debug|x64
		{DA6BAE17-44A4-4030-B752-E89056FB7269}.Debug|x86.ActiveCfg = Debug|Win32
		{DA6BAE17-44A4-4030-B752-E89056FB7269}.Debug|x86.Build.0 = Debug|Win32
		{DA6BAE17-44A4-4030-B752-E89056FB7269}.Release|x64.ActiveCfg = Release|x64
		{DA6BAE17-44A4-4030-B752-E89056FB7269}.Release|x64.Build.0 = Release|x64
		{DA6BAE17-44A4-4030-B752-E89056FB7269}.Release|x86.ActiveCfg = Release|Win32
		{DA6BAE17-44A4-4030-B752-E89056FB7269}.Release|x86.Build.0 = Release|Win32
		{BDDE02C4-F147-4084-9A42-19633E967D18}.Debug|x64.ActiveCfg = Debug|x64
		{BDDE02C4-F147-4084-9A42-19633E967D18}.Debug|x64.Build.0 = Debug|x64
		{BDDE02C4-F147-4084-9A42-19633E967D18}.Debug|x86.ActiveCfg = Debug|Win32
		{BDDE02C4-F147-4084-9A42-19633E967D18}.Debug|x86.Build.0 = Debug|Win32
		{BDDE02C4-F147-4084-9A42-19633E967D18}.Release|x64.ActiveCfg = Release|x64
		{BDDE02C4-F147-4084-9A42-19633E967D18}.Release|x64.Build.0 = Release|x64
		{BDDE02C4-F147-4084-9A42-19633E967D18}.Release|x86.ActiveCfg = Release|Win32
		{BDDE02C4-F147-4084-9A42-19633E967D18}.Release|x86.Build.0 = Release|Win32
		{7F40579F-DB92-40BD-A6B9-95A94EAA16A5}.Debug|x64.ActiveCfg = Debug|x64
		{7F40579F-DB92-40BD-A6B9-95A94EAA16A5}.Debug|x64.Build.0 = Debug|x64
		{7F40579F-DB92-40BD-A6B9-95A94EAA16A5}.Debug|x86.ActiveCfg = Debug|Win32
		{7F40579F-DB92-40BD-A6B9-95A94EAA16A5}.Debug|x86.Build.0 = Debug|Win32
		{7F40579F-DB92-40BD-A6B9-95A94EAA16A5}.Release|x64.ActiveCfg = Release|x64
		{7F40579F-DB92-40BD-A6B9-95A94EAA16A5}.Release|x64.Build.0 = Release|x64
		{7F40579F-DB92-40BD-A6B9-95A94EAA16A5}.Release|x86.ActiveCfg = Release|Win32
		{7F40579F-DB92-40BD-A6B9-95A94EAA16A5}.Release|x86.Build.0 = Release|Win32
		{0EEECA32-D13B-48E6-8100-6D6C4C84C7B0}.Debug|x64.ActiveCfg = Debug|x64
		{0EEECA32-D13B-48E6-8100-6D6C4C84C7B0}.Debug|x64.Build.0 = Debug|x64
		{0EEECA32-D13B-48E6-8100-6D6C4C84C7B0}.Debug|x86.ActiveCfg = Debug|Win32
		{0EEECA32-D13B-48E6-8100-6D6C4C84C7B0}.Debug|x86.Build.0 = Debug|Win32
		{0EEECA32-D13B-48E6-8100-6D6C4C84C7B0}.Release|x64.ActiveCfg = Release|x64
		{0EEECA32-D13B-48E6-8100-6D6C4C84C7B0}.Release|x64.Build.0 = Release|x64
		{0EEECA32-D13B-48E6-8100-6D6C4C84C7B0}.Release|x86.ActiveCfg = Release|Win32
		{0EEECA32-D13B-48E6-8100-6D6C4C84C7B0}.Release|x86.Build.0 = Release|Win32
		{7E8E086B-1C47-45AD-B66C-56EBC127EDE3}.Debug|x64.ActiveCfg = Debug|x64
		{7E8E086B-1C47-45AD-B66C-56EBC127EDE3}.Debug|x64.Build.0 = Debug|x64
		{7E8E086B-1C47-45AD-B66C-56EBC127EDE3}.Debug|x86.ActiveCfg = Debug|Win32
		{7E8E086B-1C47-45AD-B66C-56EBC127EDE3}.Debug|x86.Build.0 = Debug|Win32
		{7E8E086B-1C47-45AD-B66C-56EBC127EDE3}.Release|x64.ActiveCfg = Release|x64
		{7E8E086B-1C47-45AD-B66C-56EBC127EDE3}.Release|x64.Build.0 = Release|x64
		{7E8E086B-1C47-45AD-B66C-56EBC127EDE3}.Release|x86.ActiveCfg = Release|Win32
		{7E8E086B-1C47-45AD-B66C-56EBC127EDE3}.Release|x86.Build.0 = Release|Win32
		{A9C5E835-60D5-457D-A0E1-421617005582}.Debug|x64.ActiveCfg = Debug|x64
		{A9C5E835-60D5-457D-A0E1-421617005582}.Debug|x64.Build.0 = Debug|x64
		{A9C5E835-60D5-457D-A0E1-421617005582}.Debug|x86.ActiveCfg = Debug|Win32
		{A9C5E835-60D5-457D-A0E1-421617005582}.Debug|x86.Build.0 = Debug|Win32
		{A9C5E835-60D5-457D-A0E1-421617005582}.Release|x64.ActiveCfg = Release|x64
		{A9C5E835-60D5-457D-A0E1-421617005582}.Release|x64.Build.0 = Release|x64
		{A9C5E835-60D5-457D-A0E1-421617005582}.Release|x86.ActiveCfg = Release|Win32
		{A9C5E835-60D5-457D-A0E1-421617005582}.Release|x86.Build.0 = Release|Win32
		{0B2331FA-60CC-4AE0-BD43-5C7BE421A9BB}.Debug|x64.ActiveCfg = Debug|x64
		{0B2331FA-60CC-4AE0-BD43-5C7BE421A9BB}.Debug|x64.Build.0 = Debug|x64
		{0B2331FA-60CC-4AE0-BD43-5C7BE421A9BB}.Debug|x86.ActiveCfg = Debug|Win32
		{0B2331FA-60CC-4AE0-BD43-5C7BE421A9BB}.Debug|x86.Build.0 = Debug|Win32
		{0B2331FA-60CC-4AE0-BD43-5C7BE421A9BB}.Release|x64.ActiveCfg = Release|x64
		{0B2331FA-60CC-4AE0-BD43-5C7BE421A9BB}.Release|x64.Build.0 = Release|x64
		{0B2331FA-60CC-4AE0-BD43-5C7BE421A9BB}.Release|x86.ActiveCfg = Release|Win32
		{0B2331FA-60CC-4AE0-BD43-5C7BE421A9BB}.Release|x86.Build.0 = Release|Win32
		{079CD687-2525-414B-BD8D-22C21F3DA761}.Debug|x64.ActiveCfg = Debug|x64
		{079CD687-2525-414B-BD8D-22C21F3DA761}.Debug|x64.Build.0 = Debug|x64
		{079CD687-2525-414B-BD8D-22C21F3DA761}.Debug|x86.ActiveCfg = Debug|Win32
		{079CD687-2525-414B-BD8D-22C21F3DA761}.Debug|x86.Build.0 = Debug|Win32
		{079CD687-2525-414B-BD8D-22C21F3DA761}.Release|x64.ActiveCfg = Release|x64
		{079CD687-2525-414B-BD8D-22C21F3DA761}.Release|x64.Build.0 = Release|x64
		{079CD687-2525-414B-BD8D-22C21F3DA761}.Release|x86.ActiveCfg = Release|Win32
		{079CD687-2525-414B-BD8D-22C21F3DA761}.Release|x86.Build.0 = Release|Win32
		{B3D811E9-C0D4-4900-BB3A-A7D42FB2FC44}.Debug|x64.ActiveCfg = Debug|x64
		{B3D811E9-C0D4-4900-BB3A-A7D42FB2FC44}.Debug|x64.Build.0 = Debug|x64
		{B3D811E9-C0D4-4900-BB3A-A7D42FB2FC44}.Debug|x86.ActiveCfg = Debug|Win32
		{B3D811E9-C0D4-4900-BB3A-A7D42FB2FC44}.Debug|x86.Build.0 = Debug|Win32
		{B3D811E9-C0D4-4900-BB3A-A7D42FB2FC44}.Release|x64.ActiveCfg = Release|x64
		{B3D811E9-C0D4-4900-BB3A-A7D42FB2FC44}.Release|x64.Build.0 = Release|x64
		{B3D811E9-C0D4-4900-BB3A-A7D42FB2FC44}.Release|x86.ActiveCfg = Release|Win32
		{B3D811E9-C0D4-4900-BB3A-A7D42FB2FC44}.Release|x86.Build.0 = Release|Win32
		{A314A886-59D2-4C0A-81A0-9416864FCFCC}.Debug|x64.ActiveCfg = Debug|x64
		{A314A886-59D2-4C0A-81A0-9416864FCFCC}.Debug|x64.Build.0 = Debug|x64
		{A314A886-59D2-4C0A-81A0-9416864FCFCC}.Debug|x86.ActiveCfg = Debug|Win32
		{A314A886-59D2-4C0A-81A0-9416864FCFCC}.Debug|x86.Build.0 = Debug|Win32
		{A314A886-59D2-4C0A-81A0-9416864FCFCC}.Release|x64.ActiveCfg = Release|x64
		{A314A886-59D2-4C0A-81A0-9416864FCFCC}.Release|x64.Build.0 = Release|x64
		{A314A886-59D2-4C0A-81A0-9416864FCFCC}.Release|x86.ActiveCfg = Release|Win32
		{A314A886-59D2-4C0A-81A0-9416864FCFCC}.Release|x86.Build.0 = Release|Win32
		{00B523D8-62A3-4B23-B5C3-795DDEDCB2B7}.Debug|x64.ActiveCfg = Debug|x64
		{00B523D8-62A3-4B23-B5C3-795DDEDCB2B7}.Debug|x64.Build.0 = Debug|x64
		{00B523D8-62A3-4B23-B5C3-795DDEDCB2B7}.Debug|x86.ActiveCfg = Debug|Win32
		{00B523D8-62A3-4B23-B5C3-795DDEDCB2B7}.Debug|x86.Build.0 = Debug|Win32
		{00B523D8-62A3-4B23-B5C3-795DDEDCB2B7}.Release|x64.ActiveCfg = Release|x64
		{00B523D8-62A3-4B23-B5C3-795DDEDCB2B7}.Release|x64.Build.0 = Release|x64
		{00B523D8-62A3-4B23-B5C3-795DDEDCB2B7}.Release|x86.ActiveCfg = Release|Win32
		{00B523D8-62A3-4B23-B5C3-795DDEDCB2B7}.Release|x86.Build.0 = Release|Win32
		{1961C66C-F026-4BC9-8659-D8A5DF9DCBDB}.Debug|x64.ActiveCfg = Debug|x64
		{1961C66C-F026-4BC9-8659-D8A5DF9DCBDB}.Debug|x64.Build.0 = Debug|x64
		{1961C66C-F026-4BC9-8659-D8A5DF9DCBDB}.Debug|x86.ActiveCfg = Debug|Win32
		{1961C66C-F026-4BC9-8659-D8A5DF9DCBDB}.Debug|x86.Build.0 = Debug|Win32
		{1961C66C-F026-4BC9-8659-D8A5DF9DCBDB}.Release|x64.ActiveCfg = Release|x64
		{1961C66C-F026-4BC9-8659-D8A5DF9DCBDB}.Release|x64.Build.0 = Release|x64
		{1961C66C-F026-4BC9-8659-D8A5DF9DCBDB}.Release|x86.ActiveCfg = Release|Win32
		{1961C66C-F026-4BC9-8659-D8A5DF9DCBDB}.Release|x86.Build.0 = Release|Win32
		{FE57A4C6-1ACF-48D7-AC8F-23A89B188E81}.Debug|x64.ActiveCfg = Debug|x64
		{FE57A4C6-1ACF-48D7-AC8F-23A89B188E81}.Debug|x64.Build.0 = Debug|x64
		{FE57A4C6-1ACF-48D7-AC8F-23A89B188E81}.Debug|x86.ActiveCfg = Debug|Win32
		{FE57A4C6-1ACF-48D7-AC8F-23A89B188E81}.Debug|x86.Build.0 = Debug|Win32
		{FE57A4C6-1ACF-48D7-AC8F-23A89B188E81}.Release|x64.ActiveCfg = Release|x64
		{FE57A4C6-1ACF-48D7-AC8F-23A89B188E81}.Release|x64.Build.0 = Release|x64
		{FE57A4C6-1ACF-48D7-AC8F-23A89B188E81}.Release|x86.ActiveCfg = Release|Win32
		{FE57A4C6-1ACF-48D7-AC8F-23A89B188E81}.Release|x86.Build.0 = Release|Win32
		{4C1943C5-EF82-4295-88B8-CF01F17DD7B5}.Debug|x64.ActiveCfg = Debug|x64
		{4C1943C5-EF82-4295-88B8-CF01F17DD7B5}.Debug|x64.Build.0 = Debug|x64
		{4C1943C5-EF82-4295-88B8-CF01F17DD7B5}.Debug|x86.ActiveCfg = Debug|Win32
		{4C1943C5-EF82-4295-88B8-CF01F17DD7B5}.Debug|x86.Build.0 = Debug|Win32
		{4C1943C5-EF82-4295-88B8-CF01F17DD7B5}.Release|x64.ActiveCfg = Release|x64
		{4C1943C5-EF82-4295-88B8-CF01F17DD7B5}.Release|x64.Build.0 = Release|x64
		{4C1943C5-EF82-4295-88B8-CF01F17DD7B5}.Release|x86.ActiveCfg = Release|Win32
		{4C1943C5-EF82-4295-88B8-CF01F17DD7B5}.Release|x86.Build.0 = Release|Win32
		{0DEFC6C2-C405-4CE6-9C61-E8BA69A34140}.Debug|x64.ActiveCfg = Debug|x64
		{0DEFC6C2-C405-4CE6-9C61-E8BA69A34140}.Debug|x64.Build.0 = Debug|x64
		{0DEFC6C2-C405-4CE6-9C61-E8BA69A34140}.Debug|x86.ActiveCfg = Debug|Win32
		{0DEFC6C2-C405-4CE6-9C61-E8BA69A34140}.Debug|x86.Build.0 = Debug|Win32
		{0DEFC6C2-C405-4CE6-9C61-E8BA69A34140}.Release|x64.ActiveCfg = Release|x64
		{0DEFC6C2-C405-4CE6-9C61-E8BA69A34140}.Release|x64.Build.0 = Release|x64
		{0DEFC6C2-C405-4CE6-9C61-E8BA69A34140}.Release|x86.ActiveCfg = Release|Win32
		{0DEFC6C2-C405-4CE6-9C61-E8BA69A34140}.Release|x86.Build.0 = Release|Win32
		{D3771E4C-A4F2-4811-9750-66DE30C85EDF}.Debug|x64.ActiveCfg = Debug|x64
		{D3771E4C-A4F2-4811-9750-66DE30C85EDF}.Debug|x64.Build.0 = Debug|x64
		{D3771E4C-A4F2-4811-9750-66DE30C85EDF}.Debug|x86.ActiveCfg = Debug|Win32
		{D3771E4C-A4F2-4811-9750-66DE30C85EDF}.Debug|x86.Build.0 = Debug|Win32
		{D3771E4C-A4F2-4811-9750-66DE30C85EDF}.Release|x64.ActiveCfg = Release|x64
		{D3771E4C-A4F2-4811-9750-66DE30C85EDF}.Release|x64.Build.0 = Release|x64
		{D3771E4C-A4F2-4811-9750-66DE30C85EDF}.Release|x86.ActiveCfg = Release|Win32
		{D3771E4C-A4F2-4811-9750-66DE30C85EDF}.Release|x86.Build.0 = Release|Win32
		{5C32D91E-49AB-4C9C-8DE4-CF4AD03A033C}.Debug|x64.ActiveCfg = Debug|x64
		{5C32D91E-49AB-4C9C-8DE4-CF4AD03A033C}.Debug|x64.Build.0 = Debug|x64
		{5C32D91E-49AB-4C9C-8DE4-CF4AD03A033C}.Debug|x86.ActiveCfg = Debug|Win32
		{5C32D91E-49AB-4C9C-8DE4-CF4AD03A033C}.Debug|x86.Build.0 = Debug|Win32
		{5C32D91E-49AB-4C9C-8DE4-CF4AD03A033C}.Release|x64.ActiveCfg = Release|x64
		{5C32D91E-49AB-4C9C-8DE4-CF4AD03A033C}.Release|x64.Build.0 = Release|x64
		{5C32D91E-49AB-4C9C-8DE4-CF4AD03A033C}.Release|x86.ActiveCfg = Release|Win32
		{5C32D91E-49AB-4C9C-8DE4-CF4AD03A033C}.Release|x86.Build.0 = Release|Win32
		{6D454233-4F58-4A59-A0D8-B20109DE6F22}.Debug|x64.ActiveCfg = Debug|x64
		{6D454233-4F58-4A59-A0D8-B20109DE6F22}.Debug|x64.Build.0 = Debug|x64
		{6D454233-4F58-4A59-A0D8-B20109DE6F22}.Debug|x86.ActiveCfg = Debug|Win32
		{6D454233-4F58-4A59-A0D8-B20109DE6F22}.Debug|x86.Build.0 = Debug|Win32
		{6D454233-4F58-4A59-A0D8-B20109DE6F22}.Release|x64.ActiveCfg = Release|x64
		{6D454233-4F58-4A59-A0D8-B20109DE6F22}.Release|x64.Build.0 = Release|x64
		{6D454233-4F58-4A59-A0D8-B20109DE6F22}.Release|x86.ActiveCfg = Release|Win32
		{6D454233-4F58-4A59-A0D8-B20109DE6F22}.Release|x86.Build.0 = Release|Win32
		{1617774E-5EE9-49D2-8DCB-A9920AD0CD1E}.Debug|x64.ActiveCfg = Debug|x64
		{1617774E-5EE9-49D2-8DCB-A9920AD0CD1E}.Debug|x64.Build.0 = Debug|x64
		{1617774E-5EE9-49D2-8DCB-A9920AD0CD1E}.Debug|x86.ActiveCfg = Debug|Win32
		{1617774E-5EE9-49D2-8DCB-A9920AD0CD1E}.Debug|x86.Build.0 = Debug|Win32
		{1617774E-5EE9-49D2-8DCB-A9920AD0CD1E}.Release|x64.ActiveCfg = Release|x64
		{1617774E-5EE9-49D2-8DCB-A9920AD0CD1E}.Release|x64.Build.0 = Release|x64
		{1617774E-5EE9-49D2-8DCB-A9920AD0CD1E}.Release|x86.ActiveCfg = Release|Win32
		{1617774E-5EE9-49D2-8DCB-A9920AD0CD1E}.Release|x86.Build.0 = Release|Win32
		{89956013-EBE9-4D27-B3C9-1E2CAC156F42}.Debug|x64.ActiveCfg = Debug|x64
		{89956013-EBE9-4D27-B3C9-1E2CAC156F42}.Debug|x64.Build.0 = Debug|x64
		{89956013-EBE9-4D27-B3C9-1E2CAC156F42}.Debug|x86.ActiveCfg = Debug|Win32
		{89956013-EBE9-4D27-B3C9-1E2CAC156F42}.Debug|x86.Build.0 = Debug|Win32
		{89956013-EBE9-4D27-B3C9-1E2CAC156F42}.Release|x64.ActiveCfg = Release|x64
		{89956013-EBE9-4D27-B3C9-1E2CAC156F42}.Release|x64.Build.0 = Release|x64
		{89956013-EBE9-4D27-B3C9-1E2CAC156F42}.Release|x86.ActiveCfg = Release|Win32
		{89956013-EBE9-4D27-B3C9-1E2CAC156F42}.Release|x86.Build.0 = Release|Win32
		{5CAAC69C-934E-4025-A3B6-79C131F294AA}.Debug|x64.ActiveCfg = Debug|x64
		{5CAAC69C-934E-4025-A3B6-79C131F294AA}.Debug|x64.Build.0 = Debug|x64
		{5CAAC69C-934E-4025-A3B6-79C131F294AA}.Debug|x86.ActiveCfg = Debug|Win32
		{5CAAC69C-934E-4025-A3B6-79C131F294AA}.Debug|x86.Build.0 = Debug|Win32
		{5CAAC69C-934E-4025-A3B6-79C131F294AA}.Release|x64.ActiveCfg = Release|x64
		{5CAAC69C-934E-4025-A3B6-79C131F294AA}.Release|x64.Build.0 = Release|x64
		{5CAAC69C-934E-4025-A3B6-79C131F294AA}.Release|x86.ActiveCfg = Release|Win32
		{5CAAC69C-934E-4025-A3B6-79C131F294AA}.Release|x86.Build.0 = Release|Win32
		{6C293FA0-873A-4DB7-BE9E-D6CCC8D66368}.Debug|x64.ActiveCfg = Debug|x64
		{6C293FA0-873A-4DB7-BE9E-D6CCC8D66368}.Debug|x64.Build.0 = Debug|x64
		{6C293FA0-873A-4DB7-BE9E-D6CCC8D66368}.Debug|x86.ActiveCfg = Debug|Win32
		{6C293FA0-873A-4DB7-BE9E-D6CCC8D66368}.Debug|x86.Build.0 = Debug|Win32
		{6C293FA0-873A-4DB7-BE9E-D6CCC8D66368}.Release|x64.ActiveCfg = Release|x64
		{6C293FA0-873A-4DB7-BE9E-D6CCC8D66368}.Release|x64.Build.0 = Release|x64
		{6C293FA0-873A-4DB7-BE9E-D6CCC8D66368}.Release|x86.ActiveCfg = Release|Win32
		{6C293FA0-873A-4DB7-BE9E-D6CCC8D66368}.Release|x86.Build.0 = Release|Win32
		{19E1B67C-793E-40C9-BD50-95653F6A0F18}.Debug|x64.ActiveCfg = Debug|x64
		{19E1B67C-793E-40C9-BD50-95653F6A0F18}.Debug|x64.Build.0 = Debug|x64
		{19E1B67C-793E-40C9-BD50-95653F6A0F18}.Debug|x86.ActiveCfg = Debug|Win32
		{19E1B67C-793E-40C9-BD50-95653F6A0F18}.Debug|x86.Build.0 = Debug|Win32
		{19E1B67C-793E-40C9-BD50-95653F6A0F18}.Release|x64.ActiveCfg = Release|x64
		{19E1B67C-793E-40C9-BD50-95653F6A0F18}.Release|x64.Build.0 = Release|x64
		{19E1B67C-793E-40C9-BD50-95653F6A0F18}.Release|x86.ActiveCfg = Release|Win32
		{19E1B67C-793E-40C9-BD50-95653F6A0F18}.Release|x86.Build.0 = Release|Win32
		{32FA27C7-53D0-40BD-9524-4F2F0FE37A70}.Debug|x64.ActiveCfg = Debug|x64
		{32FA27C7-53D0-40BD-9524-4F2F0FE37A70}.Debug|x64.Build.0 = Debug|x64
		{32FA27C7-53D0-40BD-9524-4F2F0FE37A70}.Debug|x86.ActiveCfg = Debug|Win32
		{32FA27C7-53D0-40BD-9524-4F2F0FE37A70}.Debug|x86.Build.0 = Debug|Win32
		{32FA27C7-53D0-40BD-9524-4F2F0FE37A70}.Release|x64.ActiveCfg = Release|x64
		{32FA27C7-53D0-40BD-9524-4F2F0FE37A70}.Release|x64.Build.0 = Release|x64
		{32FA27C7-53D0-40BD-9524-4F2F0FE37A70}.Release|x86.ActiveCfg = Release|Win32
		{32FA27C7-53D0-40BD-9524-4F2F0FE37A70}.Release|x86.Build.0 = Release|Win32
		{022897D6-9569-4891-ABB8-3191B48E2646}.Debug|x64.ActiveCfg = Debug|x64
		{022897D6-9569-4891-ABB8-3191B48E2646}.Debug|x64.Build.0 = Debug|x64
		{022897D6-9569-4891-ABB8-3191B48E2646}.Debug|x86.ActiveCfg = Debug|Win32
		{022897D6-9569-4891-ABB8-3191B48E2646}.Debug|x86.Build.0 = Debug|Win32
		{022897D6-9569-4891-ABB8-3191B48E2646}.Release|x64.ActiveCfg = Release|x64
		{022897D6-9569-4891-ABB8-3191B48E2646}.Release|x64.Build.0 = Release|x64
		{022897D6-9569-4891-ABB8-3191B48E2646}.Release|x86.ActiveCfg = Release|Win32
		{022897D6-9569-4891-ABB8-3191B48E2646}.Release|x86.Build.0 = Release|Win32
		{1A0DAAB2-8472-4FD0-8335-8F9352E38F2C}.Debug|x64.ActiveCfg = Debug|x64
		{1A0DAAB2-8472-4FD0-8335-8F9352E38F2C}.Debug|x64.Build.0 = Debug|x64
		{1A0DAAB2-8472-4FD0-8335-8F9352E38F2C}.Debug|x86.ActiveCfg = Debug|Win32
		{1A0DAAB2-8472-4FD0-8335-8F9352E38F2C}.Debug|x86.Build.0 = Debug|Win32
		{1A0DAAB2-8472-4FD0-8335-8F9352E38F2C}.Release|x64.ActiveCfg = Release|x64
		{1A0DAAB2-8472-4FD0-8335-8F9352E38F2C}.Release|x64.Build.0 = Release|x64
		{1A0DAAB2-8472-4FD0-8335-8F9352E38F2C}.Release|x86.ActiveCfg = Release|Win32
		{1A0DAAB2-8472-4FD0-8335-8F9352E38F2C}.Release|x86.Build.0 = Release|Win32
		{FC879CDD-4C34-4ADE-8371-D3B9EED2007D}.Debug|x64.ActiveCfg = Debug|x64
		{FC879CDD-4C34-4ADE-8371-D3B9EED2007D}.Debug|x64.Build.0 = Debug|x64
		{FC879CDD-4C34-4ADE-8371-D3B9EED2007D}.Debug|x86.ActiveCfg = Debug|Win32
		{FC879CDD-4C34-4ADE-8371-D3B9EED2007D}.Debug|x86.Build.0 = Debug|Win32
		{FC879CDD-4C34-4ADE-8371-D3B9EED2007D}.Release|x64.ActiveCfg = Release|x64
		{FC879CDD-4C34-4ADE-8371-D3B9EED2007D}.Release|x64.Build.0 = Release|x64
		{FC879CDD-4C34-4ADE-8371-D3B9EED2007D}.Release|x86.ActiveCfg = Release|Win32
		{FC879CDD-4C34-4ADE-8371-D3B9EED2007D}.Release|x86.Build.0 = Release|Win32
		{62C757A6-EF07-49D0-B23A-291E52604783}.Debug|x64.ActiveCfg = Debug|x64
		{62C757A6-EF07-49D0-B23A-291E52604783}.Debug|x64.Build.0 = Debug|x64
		{62C757A6-EF07-49D0-B23A-291E52604783}.Debug|x86.ActiveCfg = Debug|Win32
		{62C757A6-EF07-49D0-B23A-291E52604783}.Debug|x86.Build.0 = Debug|Win32
		{62C757A6-EF07-49D0-B23A-291E52604783}.Release|x64.ActiveCfg = Release|x64
		{62C757A6-EF07-49D0-B23A-291E52604783}.Release|x64.Build.0 = Release|x64
		{62C757A6-EF07-49D0-B23A-291E52604783}.Release|x86.ActiveCfg = Release|Win32
		{62C757A6-EF07-49D0-B23A-291E52604783}.Release|x86.Build.0 = Release|Win32
		{94D7E033-6402-4085-AF7B-065295D28490}.Debug|x64.ActiveCfg = Debug|x64
		{94D7E033-6402-4085-AF7B-065295D28490}.Debug|x64.Build.0 = Debug|x64
		{94D7E033-6402-4085-AF7B-065295D28490}.Debug|x86.ActiveCfg = Debug|Win32
		{94D7E033-6402-4085-AF7B-065295D28490}.Debug|x86.Build.0 = Debug|Win32
		{94D7E033-6402-4085-AF7B-065295D28490}.Release|x64.ActiveCfg = Release|x64
		{94D7E033-6402-4085-AF7B-065295D28490}.Release|x64.Build.0 = Release|x64
		{94D7E033-6402-4085-AF7B-065295D28490}.Release|x86.ActiveCfg = Release|Win32
		{94D7E033-6402-4085-AF7B-065295D28490}.Release|x86.Build.0 = Release|Win32
		{3DD39188-7D36-406B-9056-F4993B3323AA}.Debug|x64.ActiveCfg = Debug|x64
		{3DD39188-7D36-406B-9056-F4993B3323AA}.Debug|x64.Build.0 = Debug|x64
		{3DD39188-7D36-406B-9056-F4993B3323AA}.Debug|x86.ActiveCfg = Debug|Win32
		{3DD39188-7D36-406B-9056-F4993B3323AA}.Debug|x86.Build.0 = Debug|Win32
		{3DD39188-7D36-406B-9056-F4993B3323AA}.Release|x64.ActiveCfg = Release|x64
		{3DD39188-7D36-406B-9056-F4993B3323AA}.Release|x64.Build.0 = Release|x64
		{3DD39188-7D36-406B-9056-F4993B3323AA}.Release|x86.ActiveCfg = Release|Win32
		{3DD39188-7D36-406B-9056-F4993B3323AA}.Release|x86.Build.0 = Release|Win32
		{A03B5787-22D6-46BD-8CBC-9CE53A34DBC1}.Debug|x64.ActiveCfg = Debug|x64
		{A03B5787-22D6-46BD-8CBC-9CE53A34DBC1}.Debug|x64.Build.0 = Debug|x64
		{A03B5787-22D6-46BD-8CBC-9CE53A34DBC1}.Debug|x86.ActiveCfg = Debug|Win32
		{A03B5787-22D6-46BD-8CBC-9CE53A34DBC1}.Debug|x86.Build.0 = Debug|Win32
		{A03B5787-22D6-46BD-8CBC-9CE53A34DBC1}.Release|x64.ActiveCfg = Release|x64
		{A03B5787-22D6-46BD-8CBC-9CE53A34DBC1}.Release|x64.Build.0 = Release|x64
		{A03B5787-22D6-46BD-8CBC-9CE53A34DBC1}.Release|x86.ActiveCfg = Release|Win32
		{A03B5787-22D6-46BD-8CBC-9CE53A34DBC1}.Release|x86.Build.0 = Release|Win32
		{34F54E5C-0138-4F2D-9D22-2D32025CF19D}.Debug|x64.ActiveCfg = Debug|x64
		{34F54E5C-0138-4F2D-9D22-2D32025CF19D}.Debug|x64.Build.0 = Debug|x64
		{34F54E5C-0138-4F2D-9D22-2D32025CF19D}.Debug|x86.ActiveCfg = Debug|Win32
		{34F54E5C-0138-4F2D-9D22-2D32025CF19D}.Debug|x86.Build.0 = Debug|Win32
		{34F54E5C-0138-4F2D-9D22-2D32025CF19D}.Release|x64.ActiveCfg = Release|x64
		{34F54E5C-0138-4F2D-9D22-2D32025CF19D}.Release|x64.Build.0 = Release|x64
		{34F54E5C-0138-4F2D-9D22-2D32025CF19D}.Release|x86.ActiveCfg = Release|Win32
		{34F54E5C-0138-4F2D-9D22-2D32025CF19D}.Release|x86.Build.0 = Release|Win32
		{82B4F870-4268-410D-8DCD-51CB2D7674F6}.Debug|x64.ActiveCfg = Debug|x64
		{82B4F870-4268-410D-8DCD-51CB2D7674F6}.Debug|x64.Build.0 = Debug|x64
		{82B4F870-4268-410D-8DCD-51CB2D7674F6}.Debug|x86.ActiveCfg = Debug|Win32
		{82B4F870-4268-410D-8DCD-51CB2D7674F6}.Debug|x86.Build.0 = Debug|Win32
		{82B4F870-4268-410D-8DCD-51CB2D7674F6}.Release|x64.ActiveCfg = Release|x64
		{82B4F870-4268-410D-8DCD-51CB2D7674F6}.Release|x64.Build.0 = Release|x64
		{82B4F870-4268-410D-8DCD-51CB2D7674F6}.Release|x86.ActiveCfg = Release|Win32
		{82B4F870-4268-410D-8DCD-51CB2D7674F6}.Release|x86.Build.0 = Release|Win32
		{096B735B-453B-417A-9CA6-BB32EB56ACCC}.Debug|x64.ActiveCfg = Debug|x64
		{096B735B-453B-417A-9CA6-BB32EB56ACCC}.Debug|x64.Build.0 = Debug|x64
		{096B735B-453B-417A-9CA6-BB32EB56ACCC}.Debug|x86.ActiveCfg = Debug|Win32
		{096B735B-453B-417A-9CA6-BB32EB56ACCC}.Debug|x86.Build.0 = Debug|Win32
		{096B735B-453B-417A-9CA6-BB32EB56ACCC}.Release|x64.ActiveCfg = Release|x64
		{096B735B-453B-417A-9CA6-BB32EB56ACCC}.Release|x64.Build.0 = Release|x64
		{096B735B-453B-417A-9CA6-BB32EB56ACCC}.Release|x86.ActiveCfg = Release|Win32
		{096B735B-453B-417A-9CA6-BB32EB56ACCC}.Release|x86.Build.0 = Release|Win32
		{11A469BE-FF68-49A3-8EB6-847FE29896CF}.Debug|x64.ActiveCfg = Debug|x64
		{11A469BE-FF68-49A3-8EB6-847FE29896CF}.Debug|x64.Build.0 = Debug|x64
		{11A469BE-FF68-49A3-8EB6-847FE29896CF}.Debug|x86.ActiveCfg = Debug|Win32
		{11A469BE-FF68-49A3-8EB6-847FE29896CF}.Debug|x86.Build.0 = Debug|Win32
		{11A469BE-FF68-49A3-8EB6-847FE29896CF}.Release|x64.ActiveCfg = Release|x64
		{11A469BE-FF68-49A3-8EB6-847FE29896CF}.Release|x64.Build.0 = Release|x64
		{11A469BE-FF68-49A3-8EB6-847FE29896CF}.Release|x86.ActiveCfg = Release|Win32
		{11A469BE-FF68-49A3-8EB6-847FE29896CF}.Release|x86.Build.0 = Release|Win32
		{865F0029-7413-42C3-8234-8FA12B641B86}.Debug|x64.ActiveCfg = Debug|x64
		{865F0029-7413-42C3-8234-8FA12B641B86}.Debug|x64.Build.0 = Debug|x64
		{865F0029-7413-42C3-8234-8FA12B641B86}.Debug|x86.ActiveCfg = Debug|Win32
		{865F0029-7413-42C3-8234-8FA12B641B86}.Debug|x86.Build.0 = Debug|Win32
		{865F0029-7413-42C3-8234-8FA12B641B86}.Release|x64.ActiveCfg = Release|x64
		{865F0029-7413-42C3-8234-8FA12B641B86}.Release|x64.Build.0 = Release|x64
		{865F0029-7413-42C3-8234-8FA12B641B86}.Release|x86.ActiveCfg = Release|Win32
		{865F0029-7413-42C3-8234-8FA12B641B86}.Release|x86.Build.0 = Release|Win32
	EndGlobalSection
	GlobalSection(SolutionProperties) = preSolution
		HideSolutionNode = FALSE
	EndGlobalSection
	GlobalSection(ExtensibilityGlobals) = postSolution
		SolutionGuid = {0AE47C47-19B2-4358-AB13-2764DA1F12D5}
	EndGlobalSection
EndGlobal
