
Microsoft Visual Studio Solution File, Format Version 12.00
# Visual Studio Version 17
VisualStudioVersion = 17.7.34031.279
MinimumVisualStudioVersion = 10.0.40219.1
Project("{8BC9CEB8-8B4A-11D0-8D11-00A0C91BC942}") = "Bai004", "Bai004\Bai004.vcxproj", "{79F8C934-551F-43CF-A6F4-96B431EEC6EE}"
EndProject
Project("{8BC9CEB8-8B4A-11D0-8D11-00A0C91BC942}") = "Bai009", "Bai009\Bai009.vcxproj", "{90CE2722-6F08-4CC1-92D9-C777DD883844}"
EndProject
Project("{8BC9CEB8-8B4A-11D0-8D11-00A0C91BC942}") = "Bai014", "Bai014\Bai014.vcxproj", "{B0DA827E-29B6-4834-8884-5B77EEE413E5}"
EndProject
Project("{8BC9CEB8-8B4A-11D0-8D11-00A0C91BC942}") = "Bai019", "Bai019\Bai019.vcxproj", "{F2B69D11-A771-4BAA-87EB-65491EE784A6}"
EndProject
Project("{8BC9CEB8-8B4A-11D0-8D11-00A0C91BC942}") = "Bai024", "Bai024\Bai024.vcxproj", "{30F78DD9-42E3-4509-8038-6D185835B4DD}"
EndProject
Project("{8BC9CEB8-8B4A-11D0-8D11-00A0C91BC942}") = "Bai029", "Bai029\Bai029.vcxproj", "{FA4A91FD-341B-481A-ADEB-95EFCE2E41C2}"
EndProject
Project("{8BC9CEB8-8B4A-11D0-8D11-00A0C91BC942}") = "Bai034", "Bai034\Bai034.vcxproj", "{67CF8A08-92EF-44C8-8071-420482FCDF92}"
EndProject
Project("{8BC9CEB8-8B4A-11D0-8D11-00A0C91BC942}") = "Bai039", "Bai039\Bai039.vcxproj", "{2448A981-16DD-4528-A275-A2F0C7B01B48}"
EndProject
Project("{8BC9CEB8-8B4A-11D0-8D11-00A0C91BC942}") = "Bai044", "Bai044\Bai044.vcxproj", "{A3B231B7-435C-4D47-A18C-C3761800E45D}"
EndProject
Project("{8BC9CEB8-8B4A-11D0-8D11-00A0C91BC942}") = "Bai049", "Bai049\Bai049.vcxproj", "{8A4F8D89-37F9-445B-9A88-8CA0A57FDE98}"
EndProject
Project("{8BC9CEB8-8B4A-11D0-8D11-00A0C91BC942}") = "Bai054", "Bai054\Bai054.vcxproj", "{B8250C91-53AB-4471-8ABD-644D2032F38E}"
EndProject
Project("{8BC9CEB8-8B4A-11D0-8D11-00A0C91BC942}") = "Bai059", "Bai059\Bai059.vcxproj", "{0FCB696C-AB8B-483E-A022-DC0619849115}"
EndProject
Project("{8BC9CEB8-8B4A-11D0-8D11-00A0C91BC942}") = "Bai064", "Bai064\Bai064.vcxproj", "{1E8B397B-791C-40A8-B395-D7DE23B18AA3}"
EndProject
Project("{8BC9CEB8-8B4A-11D0-8D11-00A0C91BC942}") = "Bai069", "Bai069\Bai069.vcxproj", "{5AE3DF93-D71F-415E-8480-BAB199B7A777}"
EndProject
Project("{8BC9CEB8-8B4A-11D0-8D11-00A0C91BC942}") = "Bai074", "Bai074\Bai074.vcxproj", "{D92D14FB-0CF2-4179-9EC3-65BD891CDC15}"
EndProject
Project("{8BC9CEB8-8B4A-11D0-8D11-00A0C91BC942}") = "Bai079", "Bai079\Bai079.vcxproj", "{650DD032-EC70-431B-933D-ADAF97C439FA}"
EndProject
Project("{8BC9CEB8-8B4A-11D0-8D11-00A0C91BC942}") = "Bai084", "Bai084\Bai084.vcxproj", "{0FBD1CCE-7302-4340-92F7-3F9951DD5466}"
EndProject
Project("{8BC9CEB8-8B4A-11D0-8D11-00A0C91BC942}") = "Bai089", "Bai089\Bai089.vcxproj", "{DC5EDFC3-DA73-411E-AE68-BE82B92E8326}"
EndProject
Project("{8BC9CEB8-8B4A-11D0-8D11-00A0C91BC942}") = "Bai094", "Bai094\Bai094.vcxproj", "{CE76B940-00A6-4075-833B-87716FAA9D76}"
EndProject
Project("{8BC9CEB8-8B4A-11D0-8D11-00A0C91BC942}") = "Bai099", "Bai099\Bai099.vcxproj", "{26F882E7-4815-4837-AB63-B0690B86BB48}"
EndProject
Project("{8BC9CEB8-8B4A-11D0-8D11-00A0C91BC942}") = "Bai104", "Bai104\Bai104.vcxproj", "{D453A53A-D3AC-4392-B315-4D2283745FF9}"
EndProject
Project("{8BC9CEB8-8B4A-11D0-8D11-00A0C91BC942}") = "Bai109", "Bai109\Bai109.vcxproj", "{DE067EF9-9FE1-49D1-85C4-81B2C6B11FED}"
EndProject
Project("{8BC9CEB8-8B4A-11D0-8D11-00A0C91BC942}") = "Bai114", "Bai114\Bai114.vcxproj", "{A8D0FCB3-2B4E-4E38-A586-CB76120244A7}"
EndProject
Project("{8BC9CEB8-8B4A-11D0-8D11-00A0C91BC942}") = "Bai119", "Bai119\Bai119.vcxproj", "{6FEC2ABE-FD6A-4403-9B0B-8BC8EB082F19}"
EndProject
Project("{8BC9CEB8-8B4A-11D0-8D11-00A0C91BC942}") = "Bai124", "Bai124\Bai124.vcxproj", "{EB71BB33-DAE3-4C54-A8DD-B58D140B1017}"
EndProject
Project("{8BC9CEB8-8B4A-11D0-8D11-00A0C91BC942}") = "Bai129", "Bai129\Bai129.vcxproj", "{79A73CD3-7F49-4D06-9D53-C4169A7A1038}"
EndProject
Project("{8BC9CEB8-8B4A-11D0-8D11-00A0C91BC942}") = "Bai134", "Bai134\Bai134.vcxproj", "{E45EBF7E-E773-4430-8CEF-4B0BBCE018C5}"
EndProject
Project("{8BC9CEB8-8B4A-11D0-8D11-00A0C91BC942}") = "Bai139", "Bai139\Bai139.vcxproj", "{C1F97316-46C7-425B-A177-D32C8051BC71}"
EndProject
Project("{8BC9CEB8-8B4A-11D0-8D11-00A0C91BC942}") = "Bai144", "Bai144\Bai144.vcxproj", "{F6562691-D745-4334-9836-33D5ECE8B61B}"
EndProject
Project("{8BC9CEB8-8B4A-11D0-8D11-00A0C91BC942}") = "Bai154", "Bai154\Bai154.vcxproj", "{C9667B07-EB0D-4FDB-AFB6-013713E4AE6D}"
EndProject
Project("{8BC9CEB8-8B4A-11D0-8D11-00A0C91BC942}") = "Bai159", "Bai159\Bai159.vcxproj", "{7A5B6779-4686-43B8-9FCD-852B3A256271}"
EndProject
Project("{8BC9CEB8-8B4A-11D0-8D11-00A0C91BC942}") = "Bai164", "Bai164\Bai164.vcxproj", "{875F04D4-A209-4670-8484-9DC0B8EAE6AE}"
EndProject
Project("{8BC9CEB8-8B4A-11D0-8D11-00A0C91BC942}") = "Bai169", "Bai169\Bai169.vcxproj", "{25863C8E-C6A4-4AC1-A539-5AEC28F82CC1}"
EndProject
Project("{8BC9CEB8-8B4A-11D0-8D11-00A0C91BC942}") = "Bai174", "Bai174\Bai174.vcxproj", "{AD912ADC-4DF3-44FE-BFAE-707710EF956A}"
EndProject
Project("{8BC9CEB8-8B4A-11D0-8D11-00A0C91BC942}") = "Bai179", "Bai179\Bai179.vcxproj", "{EAA133B1-0498-4A0F-BC84-B02C3F492E9B}"
EndProject
Project("{8BC9CEB8-8B4A-11D0-8D11-00A0C91BC942}") = "Bai184", "Bai184\Bai184.vcxproj", "{46CBC1BA-773D-4447-BD84-028731639F69}"
EndProject
Project("{8BC9CEB8-8B4A-11D0-8D11-00A0C91BC942}") = "Bai189", "Bai189\Bai189.vcxproj", "{29ADAACE-ACFD-4C36-8D95-27F748B3BFCD}"
EndProject
Project("{8BC9CEB8-8B4A-11D0-8D11-00A0C91BC942}") = "Bai194", "Bai194\Bai194.vcxproj", "{C18ADEBF-EB4F-4C4A-8E6C-9A7517798BE1}"
EndProject
Global
	GlobalSection(SolutionConfigurationPlatforms) = preSolution
		Debug|x64 = Debug|x64
		Debug|x86 = Debug|x86
		Release|x64 = Release|x64
		Release|x86 = Release|x86
	EndGlobalSection
	GlobalSection(ProjectConfigurationPlatforms) = postSolution
		{79F8C934-551F-43CF-A6F4-96B431EEC6EE}.Debug|x64.ActiveCfg = Debug|x64
		{79F8C934-551F-43CF-A6F4-96B431EEC6EE}.Debug|x64.Build.0 = Debug|x64
		{79F8C934-551F-43CF-A6F4-96B431EEC6EE}.Debug|x86.ActiveCfg = Debug|Win32
		{79F8C934-551F-43CF-A6F4-96B431EEC6EE}.Debug|x86.Build.0 = Debug|Win32
		{79F8C934-551F-43CF-A6F4-96B431EEC6EE}.Release|x64.ActiveCfg = Release|x64
		{79F8C934-551F-43CF-A6F4-96B431EEC6EE}.Release|x64.Build.0 = Release|x64
		{79F8C934-551F-43CF-A6F4-96B431EEC6EE}.Release|x86.ActiveCfg = Release|Win32
		{79F8C934-551F-43CF-A6F4-96B431EEC6EE}.Release|x86.Build.0 = Release|Win32
		{90CE2722-6F08-4CC1-92D9-C777DD883844}.Debug|x64.ActiveCfg = Debug|x64
		{90CE2722-6F08-4CC1-92D9-C777DD883844}.Debug|x64.Build.0 = Debug|x64
		{90CE2722-6F08-4CC1-92D9-C777DD883844}.Debug|x86.ActiveCfg = Debug|Win32
		{90CE2722-6F08-4CC1-92D9-C777DD883844}.Debug|x86.Build.0 = Debug|Win32
		{90CE2722-6F08-4CC1-92D9-C777DD883844}.Release|x64.ActiveCfg = Release|x64
		{90CE2722-6F08-4CC1-92D9-C777DD883844}.Release|x64.Build.0 = Release|x64
		{90CE2722-6F08-4CC1-92D9-C777DD883844}.Release|x86.ActiveCfg = Release|Win32
		{90CE2722-6F08-4CC1-92D9-C777DD883844}.Release|x86.Build.0 = Release|Win32
		{B0DA827E-29B6-4834-8884-5B77EEE413E5}.Debug|x64.ActiveCfg = Debug|x64
		{B0DA827E-29B6-4834-8884-5B77EEE413E5}.Debug|x64.Build.0 = Debug|x64
		{B0DA827E-29B6-4834-8884-5B77EEE413E5}.Debug|x86.ActiveCfg = Debug|Win32
		{B0DA827E-29B6-4834-8884-5B77EEE413E5}.Debug|x86.Build.0 = Debug|Win32
		{B0DA827E-29B6-4834-8884-5B77EEE413E5}.Release|x64.ActiveCfg = Release|x64
		{B0DA827E-29B6-4834-8884-5B77EEE413E5}.Release|x64.Build.0 = Release|x64
		{B0DA827E-29B6-4834-8884-5B77EEE413E5}.Release|x86.ActiveCfg = Release|Win32
		{B0DA827E-29B6-4834-8884-5B77EEE413E5}.Release|x86.Build.0 = Release|Win32
		{F2B69D11-A771-4BAA-87EB-65491EE784A6}.Debug|x64.ActiveCfg = Debug|x64
		{F2B69D11-A771-4BAA-87EB-65491EE784A6}.Debug|x64.Build.0 = Debug|x64
		{F2B69D11-A771-4BAA-87EB-65491EE784A6}.Debug|x86.ActiveCfg = Debug|Win32
		{F2B69D11-A771-4BAA-87EB-65491EE784A6}.Debug|x86.Build.0 = Debug|Win32
		{F2B69D11-A771-4BAA-87EB-65491EE784A6}.Release|x64.ActiveCfg = Release|x64
		{F2B69D11-A771-4BAA-87EB-65491EE784A6}.Release|x64.Build.0 = Release|x64
		{F2B69D11-A771-4BAA-87EB-65491EE784A6}.Release|x86.ActiveCfg = Release|Win32
		{F2B69D11-A771-4BAA-87EB-65491EE784A6}.Release|x86.Build.0 = Release|Win32
		{30F78DD9-42E3-4509-8038-6D185835B4DD}.Debug|x64.ActiveCfg = Debug|x64
		{30F78DD9-42E3-4509-8038-6D185835B4DD}.Debug|x64.Build.0 = Debug|x64
		{30F78DD9-42E3-4509-8038-6D185835B4DD}.Debug|x86.ActiveCfg = Debug|Win32
		{30F78DD9-42E3-4509-8038-6D185835B4DD}.Debug|x86.Build.0 = Debug|Win32
		{30F78DD9-42E3-4509-8038-6D185835B4DD}.Release|x64.ActiveCfg = Release|x64
		{30F78DD9-42E3-4509-8038-6D185835B4DD}.Release|x64.Build.0 = Release|x64
		{30F78DD9-42E3-4509-8038-6D185835B4DD}.Release|x86.ActiveCfg = Release|Win32
		{30F78DD9-42E3-4509-8038-6D185835B4DD}.Release|x86.Build.0 = Release|Win32
		{FA4A91FD-341B-481A-ADEB-95EFCE2E41C2}.Debug|x64.ActiveCfg = Debug|x64
		{FA4A91FD-341B-481A-ADEB-95EFCE2E41C2}.Debug|x64.Build.0 = Debug|x64
		{FA4A91FD-341B-481A-ADEB-95EFCE2E41C2}.Debug|x86.ActiveCfg = Debug|Win32
		{FA4A91FD-341B-481A-ADEB-95EFCE2E41C2}.Debug|x86.Build.0 = Debug|Win32
		{FA4A91FD-341B-481A-ADEB-95EFCE2E41C2}.Release|x64.ActiveCfg = Release|x64
		{FA4A91FD-341B-481A-ADEB-95EFCE2E41C2}.Release|x64.Build.0 = Release|x64
		{FA4A91FD-341B-481A-ADEB-95EFCE2E41C2}.Release|x86.ActiveCfg = Release|Win32
		{FA4A91FD-341B-481A-ADEB-95EFCE2E41C2}.Release|x86.Build.0 = Release|Win32
		{67CF8A08-92EF-44C8-8071-420482FCDF92}.Debug|x64.ActiveCfg = Debug|x64
		{67CF8A08-92EF-44C8-8071-420482FCDF92}.Debug|x64.Build.0 = Debug|x64
		{67CF8A08-92EF-44C8-8071-420482FCDF92}.Debug|x86.ActiveCfg = Debug|Win32
		{67CF8A08-92EF-44C8-8071-420482FCDF92}.Debug|x86.Build.0 = Debug|Win32
		{67CF8A08-92EF-44C8-8071-420482FCDF92}.Release|x64.ActiveCfg = Release|x64
		{67CF8A08-92EF-44C8-8071-420482FCDF92}.Release|x64.Build.0 = Release|x64
		{67CF8A08-92EF-44C8-8071-420482FCDF92}.Release|x86.ActiveCfg = Release|Win32
		{67CF8A08-92EF-44C8-8071-420482FCDF92}.Release|x86.Build.0 = Release|Win32
		{2448A981-16DD-4528-A275-A2F0C7B01B48}.Debug|x64.ActiveCfg = Debug|x64
		{2448A981-16DD-4528-A275-A2F0C7B01B48}.Debug|x64.Build.0 = Debug|x64
		{2448A981-16DD-4528-A275-A2F0C7B01B48}.Debug|x86.ActiveCfg = Debug|Win32
		{2448A981-16DD-4528-A275-A2F0C7B01B48}.Debug|x86.Build.0 = Debug|Win32
		{2448A981-16DD-4528-A275-A2F0C7B01B48}.Release|x64.ActiveCfg = Release|x64
		{2448A981-16DD-4528-A275-A2F0C7B01B48}.Release|x64.Build.0 = Release|x64
		{2448A981-16DD-4528-A275-A2F0C7B01B48}.Release|x86.ActiveCfg = Release|Win32
		{2448A981-16DD-4528-A275-A2F0C7B01B48}.Release|x86.Build.0 = Release|Win32
		{A3B231B7-435C-4D47-A18C-C3761800E45D}.Debug|x64.ActiveCfg = Debug|x64
		{A3B231B7-435C-4D47-A18C-C3761800E45D}.Debug|x64.Build.0 = Debug|x64
		{A3B231B7-435C-4D47-A18C-C3761800E45D}.Debug|x86.ActiveCfg = Debug|Win32
		{A3B231B7-435C-4D47-A18C-C3761800E45D}.Debug|x86.Build.0 = Debug|Win32
		{A3B231B7-435C-4D47-A18C-C3761800E45D}.Release|x64.ActiveCfg = Release|x64
		{A3B231B7-435C-4D47-A18C-C3761800E45D}.Release|x64.Build.0 = Release|x64
		{A3B231B7-435C-4D47-A18C-C3761800E45D}.Release|x86.ActiveCfg = Release|Win32
		{A3B231B7-435C-4D47-A18C-C3761800E45D}.Release|x86.Build.0 = Release|Win32
		{8A4F8D89-37F9-445B-9A88-8CA0A57FDE98}.Debug|x64.ActiveCfg = Debug|x64
		{8A4F8D89-37F9-445B-9A88-8CA0A57FDE98}.Debug|x64.Build.0 = Debug|x64
		{8A4F8D89-37F9-445B-9A88-8CA0A57FDE98}.Debug|x86.ActiveCfg = Debug|Win32
		{8A4F8D89-37F9-445B-9A88-8CA0A57FDE98}.Debug|x86.Build.0 = Debug|Win32
		{8A4F8D89-37F9-445B-9A88-8CA0A57FDE98}.Release|x64.ActiveCfg = Release|x64
		{8A4F8D89-37F9-445B-9A88-8CA0A57FDE98}.Release|x64.Build.0 = Release|x64
		{8A4F8D89-37F9-445B-9A88-8CA0A57FDE98}.Release|x86.ActiveCfg = Release|Win32
		{8A4F8D89-37F9-445B-9A88-8CA0A57FDE98}.Release|x86.Build.0 = Release|Win32
		{B8250C91-53AB-4471-8ABD-644D2032F38E}.Debug|x64.ActiveCfg = Debug|x64
		{B8250C91-53AB-4471-8ABD-644D2032F38E}.Debug|x64.Build.0 = Debug|x64
		{B8250C91-53AB-4471-8ABD-644D2032F38E}.Debug|x86.ActiveCfg = Debug|Win32
		{B8250C91-53AB-4471-8ABD-644D2032F38E}.Debug|x86.Build.0 = Debug|Win32
		{B8250C91-53AB-4471-8ABD-644D2032F38E}.Release|x64.ActiveCfg = Release|x64
		{B8250C91-53AB-4471-8ABD-644D2032F38E}.Release|x64.Build.0 = Release|x64
		{B8250C91-53AB-4471-8ABD-644D2032F38E}.Release|x86.ActiveCfg = Release|Win32
		{B8250C91-53AB-4471-8ABD-644D2032F38E}.Release|x86.Build.0 = Release|Win32
		{0FCB696C-AB8B-483E-A022-DC0619849115}.Debug|x64.ActiveCfg = Debug|x64
		{0FCB696C-AB8B-483E-A022-DC0619849115}.Debug|x64.Build.0 = Debug|x64
		{0FCB696C-AB8B-483E-A022-DC0619849115}.Debug|x86.ActiveCfg = Debug|Win32
		{0FCB696C-AB8B-483E-A022-DC0619849115}.Debug|x86.Build.0 = Debug|Win32
		{0FCB696C-AB8B-483E-A022-DC0619849115}.Release|x64.ActiveCfg = Release|x64
		{0FCB696C-AB8B-483E-A022-DC0619849115}.Release|x64.Build.0 = Release|x64
		{0FCB696C-AB8B-483E-A022-DC0619849115}.Release|x86.ActiveCfg = Release|Win32
		{0FCB696C-AB8B-483E-A022-DC0619849115}.Release|x86.Build.0 = Release|Win32
		{1E8B397B-791C-40A8-B395-D7DE23B18AA3}.Debug|x64.ActiveCfg = Debug|x64
		{1E8B397B-791C-40A8-B395-D7DE23B18AA3}.Debug|x64.Build.0 = Debug|x64
		{1E8B397B-791C-40A8-B395-D7DE23B18AA3}.Debug|x86.ActiveCfg = Debug|Win32
		{1E8B397B-791C-40A8-B395-D7DE23B18AA3}.Debug|x86.Build.0 = Debug|Win32
		{1E8B397B-791C-40A8-B395-D7DE23B18AA3}.Release|x64.ActiveCfg = Release|x64
		{1E8B397B-791C-40A8-B395-D7DE23B18AA3}.Release|x64.Build.0 = Release|x64
		{1E8B397B-791C-40A8-B395-D7DE23B18AA3}.Release|x86.ActiveCfg = Release|Win32
		{1E8B397B-791C-40A8-B395-D7DE23B18AA3}.Release|x86.Build.0 = Release|Win32
		{5AE3DF93-D71F-415E-8480-BAB199B7A777}.Debug|x64.ActiveCfg = Debug|x64
		{5AE3DF93-D71F-415E-8480-BAB199B7A777}.Debug|x64.Build.0 = Debug|x64
		{5AE3DF93-D71F-415E-8480-BAB199B7A777}.Debug|x86.ActiveCfg = Debug|Win32
		{5AE3DF93-D71F-415E-8480-BAB199B7A777}.Debug|x86.Build.0 = Debug|Win32
		{5AE3DF93-D71F-415E-8480-BAB199B7A777}.Release|x64.ActiveCfg = Release|x64
		{5AE3DF93-D71F-415E-8480-BAB199B7A777}.Release|x64.Build.0 = Release|x64
		{5AE3DF93-D71F-415E-8480-BAB199B7A777}.Release|x86.ActiveCfg = Release|Win32
		{5AE3DF93-D71F-415E-8480-BAB199B7A777}.Release|x86.Build.0 = Release|Win32
		{D92D14FB-0CF2-4179-9EC3-65BD891CDC15}.Debug|x64.ActiveCfg = Debug|x64
		{D92D14FB-0CF2-4179-9EC3-65BD891CDC15}.Debug|x64.Build.0 = Debug|x64
		{D92D14FB-0CF2-4179-9EC3-65BD891CDC15}.Debug|x86.ActiveCfg = Debug|Win32
		{D92D14FB-0CF2-4179-9EC3-65BD891CDC15}.Debug|x86.Build.0 = Debug|Win32
		{D92D14FB-0CF2-4179-9EC3-65BD891CDC15}.Release|x64.ActiveCfg = Release|x64
		{D92D14FB-0CF2-4179-9EC3-65BD891CDC15}.Release|x64.Build.0 = Release|x64
		{D92D14FB-0CF2-4179-9EC3-65BD891CDC15}.Release|x86.ActiveCfg = Release|Win32
		{D92D14FB-0CF2-4179-9EC3-65BD891CDC15}.Release|x86.Build.0 = Release|Win32
		{650DD032-EC70-431B-933D-ADAF97C439FA}.Debug|x64.ActiveCfg = Debug|x64
		{650DD032-EC70-431B-933D-ADAF97C439FA}.Debug|x64.Build.0 = Debug|x64
		{650DD032-EC70-431B-933D-ADAF97C439FA}.Debug|x86.ActiveCfg = Debug|Win32
		{650DD032-EC70-431B-933D-ADAF97C439FA}.Debug|x86.Build.0 = Debug|Win32
		{650DD032-EC70-431B-933D-ADAF97C439FA}.Release|x64.ActiveCfg = Release|x64
		{650DD032-EC70-431B-933D-ADAF97C439FA}.Release|x64.Build.0 = Release|x64
		{650DD032-EC70-431B-933D-ADAF97C439FA}.Release|x86.ActiveCfg = Release|Win32
		{650DD032-EC70-431B-933D-ADAF97C439FA}.Release|x86.Build.0 = Release|Win32
		{0FBD1CCE-7302-4340-92F7-3F9951DD5466}.Debug|x64.ActiveCfg = Debug|x64
		{0FBD1CCE-7302-4340-92F7-3F9951DD5466}.Debug|x64.Build.0 = Debug|x64
		{0FBD1CCE-7302-4340-92F7-3F9951DD5466}.Debug|x86.ActiveCfg = Debug|Win32
		{0FBD1CCE-7302-4340-92F7-3F9951DD5466}.Debug|x86.Build.0 = Debug|Win32
		{0FBD1CCE-7302-4340-92F7-3F9951DD5466}.Release|x64.ActiveCfg = Release|x64
		{0FBD1CCE-7302-4340-92F7-3F9951DD5466}.Release|x64.Build.0 = Release|x64
		{0FBD1CCE-7302-4340-92F7-3F9951DD5466}.Release|x86.ActiveCfg = Release|Win32
		{0FBD1CCE-7302-4340-92F7-3F9951DD5466}.Release|x86.Build.0 = Release|Win32
		{DC5EDFC3-DA73-411E-AE68-BE82B92E8326}.Debug|x64.ActiveCfg = Debug|x64
		{DC5EDFC3-DA73-411E-AE68-BE82B92E8326}.Debug|x64.Build.0 = Debug|x64
		{DC5EDFC3-DA73-411E-AE68-BE82B92E8326}.Debug|x86.ActiveCfg = Debug|Win32
		{DC5EDFC3-DA73-411E-AE68-BE82B92E8326}.Debug|x86.Build.0 = Debug|Win32
		{DC5EDFC3-DA73-411E-AE68-BE82B92E8326}.Release|x64.ActiveCfg = Release|x64
		{DC5EDFC3-DA73-411E-AE68-BE82B92E8326}.Release|x64.Build.0 = Release|x64
		{DC5EDFC3-DA73-411E-AE68-BE82B92E8326}.Release|x86.ActiveCfg = Release|Win32
		{DC5EDFC3-DA73-411E-AE68-BE82B92E8326}.Release|x86.Build.0 = Release|Win32
		{CE76B940-00A6-4075-833B-87716FAA9D76}.Debug|x64.ActiveCfg = Debug|x64
		{CE76B940-00A6-4075-833B-87716FAA9D76}.Debug|x64.Build.0 = Debug|x64
		{CE76B940-00A6-4075-833B-87716FAA9D76}.Debug|x86.ActiveCfg = Debug|Win32
		{CE76B940-00A6-4075-833B-87716FAA9D76}.Debug|x86.Build.0 = Debug|Win32
		{CE76B940-00A6-4075-833B-87716FAA9D76}.Release|x64.ActiveCfg = Release|x64
		{CE76B940-00A6-4075-833B-87716FAA9D76}.Release|x64.Build.0 = Release|x64
		{CE76B940-00A6-4075-833B-87716FAA9D76}.Release|x86.ActiveCfg = Release|Win32
		{CE76B940-00A6-4075-833B-87716FAA9D76}.Release|x86.Build.0 = Release|Win32
		{26F882E7-4815-4837-AB63-B0690B86BB48}.Debug|x64.ActiveCfg = Debug|x64
		{26F882E7-4815-4837-AB63-B0690B86BB48}.Debug|x64.Build.0 = Debug|x64
		{26F882E7-4815-4837-AB63-B0690B86BB48}.Debug|x86.ActiveCfg = Debug|Win32
		{26F882E7-4815-4837-AB63-B0690B86BB48}.Debug|x86.Build.0 = Debug|Win32
		{26F882E7-4815-4837-AB63-B0690B86BB48}.Release|x64.ActiveCfg = Release|x64
		{26F882E7-4815-4837-AB63-B0690B86BB48}.Release|x64.Build.0 = Release|x64
		{26F882E7-4815-4837-AB63-B0690B86BB48}.Release|x86.ActiveCfg = Release|Win32
		{26F882E7-4815-4837-AB63-B0690B86BB48}.Release|x86.Build.0 = Release|Win32
		{D453A53A-D3AC-4392-B315-4D2283745FF9}.Debug|x64.ActiveCfg = Debug|x64
		{D453A53A-D3AC-4392-B315-4D2283745FF9}.Debug|x64.Build.0 = Debug|x64
		{D453A53A-D3AC-4392-B315-4D2283745FF9}.Debug|x86.ActiveCfg = Debug|Win32
		{D453A53A-D3AC-4392-B315-4D2283745FF9}.Debug|x86.Build.0 = Debug|Win32
		{D453A53A-D3AC-4392-B315-4D2283745FF9}.Release|x64.ActiveCfg = Release|x64
		{D453A53A-D3AC-4392-B315-4D2283745FF9}.Release|x64.Build.0 = Release|x64
		{D453A53A-D3AC-4392-B315-4D2283745FF9}.Release|x86.ActiveCfg = Release|Win32
		{D453A53A-D3AC-4392-B315-4D2283745FF9}.Release|x86.Build.0 = Release|Win32
		{DE067EF9-9FE1-49D1-85C4-81B2C6B11FED}.Debug|x64.ActiveCfg = Debug|x64
		{DE067EF9-9FE1-49D1-85C4-81B2C6B11FED}.Debug|x64.Build.0 = Debug|x64
		{DE067EF9-9FE1-49D1-85C4-81B2C6B11FED}.Debug|x86.ActiveCfg = Debug|Win32
		{DE067EF9-9FE1-49D1-85C4-81B2C6B11FED}.Debug|x86.Build.0 = Debug|Win32
		{DE067EF9-9FE1-49D1-85C4-81B2C6B11FED}.Release|x64.ActiveCfg = Release|x64
		{DE067EF9-9FE1-49D1-85C4-81B2C6B11FED}.Release|x64.Build.0 = Release|x64
		{DE067EF9-9FE1-49D1-85C4-81B2C6B11FED}.Release|x86.ActiveCfg = Release|Win32
		{DE067EF9-9FE1-49D1-85C4-81B2C6B11FED}.Release|x86.Build.0 = Release|Win32
		{A8D0FCB3-2B4E-4E38-A586-CB76120244A7}.Debug|x64.ActiveCfg = Debug|x64
		{A8D0FCB3-2B4E-4E38-A586-CB76120244A7}.Debug|x64.Build.0 = Debug|x64
		{A8D0FCB3-2B4E-4E38-A586-CB76120244A7}.Debug|x86.ActiveCfg = Debug|Win32
		{A8D0FCB3-2B4E-4E38-A586-CB76120244A7}.Debug|x86.Build.0 = Debug|Win32
		{A8D0FCB3-2B4E-4E38-A586-CB76120244A7}.Release|x64.ActiveCfg = Release|x64
		{A8D0FCB3-2B4E-4E38-A586-CB76120244A7}.Release|x64.Build.0 = Release|x64
		{A8D0FCB3-2B4E-4E38-A586-CB76120244A7}.Release|x86.ActiveCfg = Release|Win32
		{A8D0FCB3-2B4E-4E38-A586-CB76120244A7}.Release|x86.Build.0 = Release|Win32
		{6FEC2ABE-FD6A-4403-9B0B-8BC8EB082F19}.Debug|x64.ActiveCfg = Debug|x64
		{6FEC2ABE-FD6A-4403-9B0B-8BC8EB082F19}.Debug|x64.Build.0 = Debug|x64
		{6FEC2ABE-FD6A-4403-9B0B-8BC8EB082F19}.Debug|x86.ActiveCfg = Debug|Win32
		{6FEC2ABE-FD6A-4403-9B0B-8BC8EB082F19}.Debug|x86.Build.0 = Debug|Win32
		{6FEC2ABE-FD6A-4403-9B0B-8BC8EB082F19}.Release|x64.ActiveCfg = Release|x64
		{6FEC2ABE-FD6A-4403-9B0B-8BC8EB082F19}.Release|x64.Build.0 = Release|x64
		{6FEC2ABE-FD6A-4403-9B0B-8BC8EB082F19}.Release|x86.ActiveCfg = Release|Win32
		{6FEC2ABE-FD6A-4403-9B0B-8BC8EB082F19}.Release|x86.Build.0 = Release|Win32
		{EB71BB33-DAE3-4C54-A8DD-B58D140B1017}.Debug|x64.ActiveCfg = Debug|x64
		{EB71BB33-DAE3-4C54-A8DD-B58D140B1017}.Debug|x64.Build.0 = Debug|x64
		{EB71BB33-DAE3-4C54-A8DD-B58D140B1017}.Debug|x86.ActiveCfg = Debug|Win32
		{EB71BB33-DAE3-4C54-A8DD-B58D140B1017}.Debug|x86.Build.0 = Debug|Win32
		{EB71BB33-DAE3-4C54-A8DD-B58D140B1017}.Release|x64.ActiveCfg = Release|x64
		{EB71BB33-DAE3-4C54-A8DD-B58D140B1017}.Release|x64.Build.0 = Release|x64
		{EB71BB33-DAE3-4C54-A8DD-B58D140B1017}.Release|x86.ActiveCfg = Release|Win32
		{EB71BB33-DAE3-4C54-A8DD-B58D140B1017}.Release|x86.Build.0 = Release|Win32
		{79A73CD3-7F49-4D06-9D53-C4169A7A1038}.Debug|x64.ActiveCfg = Debug|x64
		{79A73CD3-7F49-4D06-9D53-C4169A7A1038}.Debug|x64.Build.0 = Debug|x64
		{79A73CD3-7F49-4D06-9D53-C4169A7A1038}.Debug|x86.ActiveCfg = Debug|Win32
		{79A73CD3-7F49-4D06-9D53-C4169A7A1038}.Debug|x86.Build.0 = Debug|Win32
		{79A73CD3-7F49-4D06-9D53-C4169A7A1038}.Release|x64.ActiveCfg = Release|x64
		{79A73CD3-7F49-4D06-9D53-C4169A7A1038}.Release|x64.Build.0 = Release|x64
		{79A73CD3-7F49-4D06-9D53-C4169A7A1038}.Release|x86.ActiveCfg = Release|Win32
		{79A73CD3-7F49-4D06-9D53-C4169A7A1038}.Release|x86.Build.0 = Release|Win32
		{E45EBF7E-E773-4430-8CEF-4B0BBCE018C5}.Debug|x64.ActiveCfg = Debug|x64
		{E45EBF7E-E773-4430-8CEF-4B0BBCE018C5}.Debug|x64.Build.0 = Debug|x64
		{E45EBF7E-E773-4430-8CEF-4B0BBCE018C5}.Debug|x86.ActiveCfg = Debug|Win32
		{E45EBF7E-E773-4430-8CEF-4B0BBCE018C5}.Debug|x86.Build.0 = Debug|Win32
		{E45EBF7E-E773-4430-8CEF-4B0BBCE018C5}.Release|x64.ActiveCfg = Release|x64
		{E45EBF7E-E773-4430-8CEF-4B0BBCE018C5}.Release|x64.Build.0 = Release|x64
		{E45EBF7E-E773-4430-8CEF-4B0BBCE018C5}.Release|x86.ActiveCfg = Release|Win32
		{E45EBF7E-E773-4430-8CEF-4B0BBCE018C5}.Release|x86.Build.0 = Release|Win32
		{C1F97316-46C7-425B-A177-D32C8051BC71}.Debug|x64.ActiveCfg = Debug|x64
		{C1F97316-46C7-425B-A177-D32C8051BC71}.Debug|x64.Build.0 = Debug|x64
		{C1F97316-46C7-425B-A177-D32C8051BC71}.Debug|x86.ActiveCfg = Debug|Win32
		{C1F97316-46C7-425B-A177-D32C8051BC71}.Debug|x86.Build.0 = Debug|Win32
		{C1F97316-46C7-425B-A177-D32C8051BC71}.Release|x64.ActiveCfg = Release|x64
		{C1F97316-46C7-425B-A177-D32C8051BC71}.Release|x64.Build.0 = Release|x64
		{C1F97316-46C7-425B-A177-D32C8051BC71}.Release|x86.ActiveCfg = Release|Win32
		{C1F97316-46C7-425B-A177-D32C8051BC71}.Release|x86.Build.0 = Release|Win32
		{F6562691-D745-4334-9836-33D5ECE8B61B}.Debug|x64.ActiveCfg = Debug|x64
		{F6562691-D745-4334-9836-33D5ECE8B61B}.Debug|x64.Build.0 = Debug|x64
		{F6562691-D745-4334-9836-33D5ECE8B61B}.Debug|x86.ActiveCfg = Debug|Win32
		{F6562691-D745-4334-9836-33D5ECE8B61B}.Debug|x86.Build.0 = Debug|Win32
		{F6562691-D745-4334-9836-33D5ECE8B61B}.Release|x64.ActiveCfg = Release|x64
		{F6562691-D745-4334-9836-33D5ECE8B61B}.Release|x64.Build.0 = Release|x64
		{F6562691-D745-4334-9836-33D5ECE8B61B}.Release|x86.ActiveCfg = Release|Win32
		{F6562691-D745-4334-9836-33D5ECE8B61B}.Release|x86.Build.0 = Release|Win32
		{C9667B07-EB0D-4FDB-AFB6-013713E4AE6D}.Debug|x64.ActiveCfg = Debug|x64
		{C9667B07-EB0D-4FDB-AFB6-013713E4AE6D}.Debug|x64.Build.0 = Debug|x64
		{C9667B07-EB0D-4FDB-AFB6-013713E4AE6D}.Debug|x86.ActiveCfg = Debug|Win32
		{C9667B07-EB0D-4FDB-AFB6-013713E4AE6D}.Debug|x86.Build.0 = Debug|Win32
		{C9667B07-EB0D-4FDB-AFB6-013713E4AE6D}.Release|x64.ActiveCfg = Release|x64
		{C9667B07-EB0D-4FDB-AFB6-013713E4AE6D}.Release|x64.Build.0 = Release|x64
		{C9667B07-EB0D-4FDB-AFB6-013713E4AE6D}.Release|x86.ActiveCfg = Release|Win32
		{C9667B07-EB0D-4FDB-AFB6-013713E4AE6D}.Release|x86.Build.0 = Release|Win32
		{7A5B6779-4686-43B8-9FCD-852B3A256271}.Debug|x64.ActiveCfg = Debug|x64
		{7A5B6779-4686-43B8-9FCD-852B3A256271}.Debug|x64.Build.0 = Debug|x64
		{7A5B6779-4686-43B8-9FCD-852B3A256271}.Debug|x86.ActiveCfg = Debug|Win32
		{7A5B6779-4686-43B8-9FCD-852B3A256271}.Debug|x86.Build.0 = Debug|Win32
		{7A5B6779-4686-43B8-9FCD-852B3A256271}.Release|x64.ActiveCfg = Release|x64
		{7A5B6779-4686-43B8-9FCD-852B3A256271}.Release|x64.Build.0 = Release|x64
		{7A5B6779-4686-43B8-9FCD-852B3A256271}.Release|x86.ActiveCfg = Release|Win32
		{7A5B6779-4686-43B8-9FCD-852B3A256271}.Release|x86.Build.0 = Release|Win32
		{875F04D4-A209-4670-8484-9DC0B8EAE6AE}.Debug|x64.ActiveCfg = Debug|x64
		{875F04D4-A209-4670-8484-9DC0B8EAE6AE}.Debug|x64.Build.0 = Debug|x64
		{875F04D4-A209-4670-8484-9DC0B8EAE6AE}.Debug|x86.ActiveCfg = Debug|Win32
		{875F04D4-A209-4670-8484-9DC0B8EAE6AE}.Debug|x86.Build.0 = Debug|Win32
		{875F04D4-A209-4670-8484-9DC0B8EAE6AE}.Release|x64.ActiveCfg = Release|x64
		{875F04D4-A209-4670-8484-9DC0B8EAE6AE}.Release|x64.Build.0 = Release|x64
		{875F04D4-A209-4670-8484-9DC0B8EAE6AE}.Release|x86.ActiveCfg = Release|Win32
		{875F04D4-A209-4670-8484-9DC0B8EAE6AE}.Release|x86.Build.0 = Release|Win32
		{25863C8E-C6A4-4AC1-A539-5AEC28F82CC1}.Debug|x64.ActiveCfg = Debug|x64
		{25863C8E-C6A4-4AC1-A539-5AEC28F82CC1}.Debug|x64.Build.0 = Debug|x64
		{25863C8E-C6A4-4AC1-A539-5AEC28F82CC1}.Debug|x86.ActiveCfg = Debug|Win32
		{25863C8E-C6A4-4AC1-A539-5AEC28F82CC1}.Debug|x86.Build.0 = Debug|Win32
		{25863C8E-C6A4-4AC1-A539-5AEC28F82CC1}.Release|x64.ActiveCfg = Release|x64
		{25863C8E-C6A4-4AC1-A539-5AEC28F82CC1}.Release|x64.Build.0 = Release|x64
		{25863C8E-C6A4-4AC1-A539-5AEC28F82CC1}.Release|x86.ActiveCfg = Release|Win32
		{25863C8E-C6A4-4AC1-A539-5AEC28F82CC1}.Release|x86.Build.0 = Release|Win32
		{AD912ADC-4DF3-44FE-BFAE-707710EF956A}.Debug|x64.ActiveCfg = Debug|x64
		{AD912ADC-4DF3-44FE-BFAE-707710EF956A}.Debug|x64.Build.0 = Debug|x64
		{AD912ADC-4DF3-44FE-BFAE-707710EF956A}.Debug|x86.ActiveCfg = Debug|Win32
		{AD912ADC-4DF3-44FE-BFAE-707710EF956A}.Debug|x86.Build.0 = Debug|Win32
		{AD912ADC-4DF3-44FE-BFAE-707710EF956A}.Release|x64.ActiveCfg = Release|x64
		{AD912ADC-4DF3-44FE-BFAE-707710EF956A}.Release|x64.Build.0 = Release|x64
		{AD912ADC-4DF3-44FE-BFAE-707710EF956A}.Release|x86.ActiveCfg = Release|Win32
		{AD912ADC-4DF3-44FE-BFAE-707710EF956A}.Release|x86.Build.0 = Release|Win32
		{EAA133B1-0498-4A0F-BC84-B02C3F492E9B}.Debug|x64.ActiveCfg = Debug|x64
		{EAA133B1-0498-4A0F-BC84-B02C3F492E9B}.Debug|x64.Build.0 = Debug|x64
		{EAA133B1-0498-4A0F-BC84-B02C3F492E9B}.Debug|x86.ActiveCfg = Debug|Win32
		{EAA133B1-0498-4A0F-BC84-B02C3F492E9B}.Debug|x86.Build.0 = Debug|Win32
		{EAA133B1-0498-4A0F-BC84-B02C3F492E9B}.Release|x64.ActiveCfg = Release|x64
		{EAA133B1-0498-4A0F-BC84-B02C3F492E9B}.Release|x64.Build.0 = Release|x64
		{EAA133B1-0498-4A0F-BC84-B02C3F492E9B}.Release|x86.ActiveCfg = Release|Win32
		{EAA133B1-0498-4A0F-BC84-B02C3F492E9B}.Release|x86.Build.0 = Release|Win32
		{46CBC1BA-773D-4447-BD84-028731639F69}.Debug|x64.ActiveCfg = Debug|x64
		{46CBC1BA-773D-4447-BD84-028731639F69}.Debug|x64.Build.0 = Debug|x64
		{46CBC1BA-773D-4447-BD84-028731639F69}.Debug|x86.ActiveCfg = Debug|Win32
		{46CBC1BA-773D-4447-BD84-028731639F69}.Debug|x86.Build.0 = Debug|Win32
		{46CBC1BA-773D-4447-BD84-028731639F69}.Release|x64.ActiveCfg = Release|x64
		{46CBC1BA-773D-4447-BD84-028731639F69}.Release|x64.Build.0 = Release|x64
		{46CBC1BA-773D-4447-BD84-028731639F69}.Release|x86.ActiveCfg = Release|Win32
		{46CBC1BA-773D-4447-BD84-028731639F69}.Release|x86.Build.0 = Release|Win32
		{29ADAACE-ACFD-4C36-8D95-27F748B3BFCD}.Debug|x64.ActiveCfg = Debug|x64
		{29ADAACE-ACFD-4C36-8D95-27F748B3BFCD}.Debug|x64.Build.0 = Debug|x64
		{29ADAACE-ACFD-4C36-8D95-27F748B3BFCD}.Debug|x86.ActiveCfg = Debug|Win32
		{29ADAACE-ACFD-4C36-8D95-27F748B3BFCD}.Debug|x86.Build.0 = Debug|Win32
		{29ADAACE-ACFD-4C36-8D95-27F748B3BFCD}.Release|x64.ActiveCfg = Release|x64
		{29ADAACE-ACFD-4C36-8D95-27F748B3BFCD}.Release|x64.Build.0 = Release|x64
		{29ADAACE-ACFD-4C36-8D95-27F748B3BFCD}.Release|x86.ActiveCfg = Release|Win32
		{29ADAACE-ACFD-4C36-8D95-27F748B3BFCD}.Release|x86.Build.0 = Release|Win32
		{C18ADEBF-EB4F-4C4A-8E6C-9A7517798BE1}.Debug|x64.ActiveCfg = Debug|x64
		{C18ADEBF-EB4F-4C4A-8E6C-9A7517798BE1}.Debug|x64.Build.0 = Debug|x64
		{C18ADEBF-EB4F-4C4A-8E6C-9A7517798BE1}.Debug|x86.ActiveCfg = Debug|Win32
		{C18ADEBF-EB4F-4C4A-8E6C-9A7517798BE1}.Debug|x86.Build.0 = Debug|Win32
		{C18ADEBF-EB4F-4C4A-8E6C-9A7517798BE1}.Release|x64.ActiveCfg = Release|x64
		{C18ADEBF-EB4F-4C4A-8E6C-9A7517798BE1}.Release|x64.Build.0 = Release|x64
		{C18ADEBF-EB4F-4C4A-8E6C-9A7517798BE1}.Release|x86.ActiveCfg = Release|Win32
		{C18ADEBF-EB4F-4C4A-8E6C-9A7517798BE1}.Release|x86.Build.0 = Release|Win32
	EndGlobalSection
	GlobalSection(SolutionProperties) = preSolution
		HideSolutionNode = FALSE
	EndGlobalSection
	GlobalSection(ExtensibilityGlobals) = postSolution
		SolutionGuid = {CD482DEA-1051-46E6-AC1B-C079EE03593B}
	EndGlobalSection
EndGlobal
