
Microsoft Visual Studio Solution File, Format Version 12.00
# Visual Studio Version 17
VisualStudioVersion = 17.7.34031.279
MinimumVisualStudioVersion = 10.0.40219.1
Project("{8BC9CEB8-8B4A-11D0-8D11-00A0C91BC942}") = "Bai002", "Bai002\Bai002.vcxproj", "{67BF6659-841D-476B-98A2-B8690DBC8255}"
EndProject
Project("{8BC9CEB8-8B4A-11D0-8D11-00A0C91BC942}") = "Bai007", "Bai007\Bai007.vcxproj", "{FF905EEC-96B8-478D-9F81-DC5570EFCCC9}"
EndProject
Project("{8BC9CEB8-8B4A-11D0-8D11-00A0C91BC942}") = "Bai012", "Bai012\Bai012.vcxproj", "{011A61C5-8C04-4E00-97CD-47CD7BA45114}"
EndProject
Project("{8BC9CEB8-8B4A-11D0-8D11-00A0C91BC942}") = "Bai017", "Bai17\Bai17.vcxproj", "{CC7799AB-C165-4834-80E8-5E58C2382853}"
EndProject
Project("{8BC9CEB8-8B4A-11D0-8D11-00A0C91BC942}") = "Bai022", "Bai022\Bai022.vcxproj", "{30F03A0F-B5B7-44A8-BE33-4005A51427FE}"
EndProject
Project("{8BC9CEB8-8B4A-11D0-8D11-00A0C91BC942}") = "Bai027", "Bai027\Bai027.vcxproj", "{4B6F4B9A-0DB7-4B14-A2D4-23CA80064872}"
EndProject
Project("{8BC9CEB8-8B4A-11D0-8D11-00A0C91BC942}") = "Bai032", "Bai032\Bai032.vcxproj", "{4844470E-2EC1-48BD-AB67-396A70551519}"
EndProject
Project("{8BC9CEB8-8B4A-11D0-8D11-00A0C91BC942}") = "Bai037", "Bai037\Bai037.vcxproj", "{7D4E842A-C186-4B05-A7F3-D5212A986DB5}"
EndProject
Project("{8BC9CEB8-8B4A-11D0-8D11-00A0C91BC942}") = "Bai042", "Bai042\Bai042.vcxproj", "{6B70060B-8277-47C1-ACC5-A86E1884708F}"
EndProject
Project("{8BC9CEB8-8B4A-11D0-8D11-00A0C91BC942}") = "Bai047", "Bai047\Bai047.vcxproj", "{6E31EEA4-4B4A-4845-9305-B8D71B2FFF56}"
EndProject
Project("{8BC9CEB8-8B4A-11D0-8D11-00A0C91BC942}") = "Bai052", "Bai052\Bai052.vcxproj", "{39682CFD-0FE9-4935-8BB9-282B655F6BEB}"
EndProject
Project("{8BC9CEB8-8B4A-11D0-8D11-00A0C91BC942}") = "Bai057", "Bai057\Bai057.vcxproj", "{894E9311-5A79-410B-B7FF-B21C0F021977}"
EndProject
Project("{8BC9CEB8-8B4A-11D0-8D11-00A0C91BC942}") = "Bai062", "Bai062\Bai062.vcxproj", "{452D107D-8895-4F14-A496-1AF39FC43ADB}"
EndProject
Project("{8BC9CEB8-8B4A-11D0-8D11-00A0C91BC942}") = "Bai067", "Bai067\Bai067.vcxproj", "{F3EF422D-1A1F-408C-A74D-9AE60442D9D3}"
EndProject
Project("{8BC9CEB8-8B4A-11D0-8D11-00A0C91BC942}") = "Bai072", "Bai072\Bai072.vcxproj", "{9411BBC3-0EED-4F5F-BDBA-FDC5B615FE94}"
EndProject
Project("{8BC9CEB8-8B4A-11D0-8D11-00A0C91BC942}") = "Bai077", "Bai077\Bai077.vcxproj", "{D11003A9-35B8-4033-B273-5A4262E2E90D}"
EndProject
Project("{8BC9CEB8-8B4A-11D0-8D11-00A0C91BC942}") = "Bai082", "Bai082\Bai082.vcxproj", "{B09093E4-0B59-4218-9ABC-3F3D8D9B0AE9}"
EndProject
Project("{8BC9CEB8-8B4A-11D0-8D11-00A0C91BC942}") = "Bai087", "Bai087\Bai087.vcxproj", "{C2C2A83F-CF07-4A9D-98E6-9D5767925F62}"
EndProject
Project("{8BC9CEB8-8B4A-11D0-8D11-00A0C91BC942}") = "Bai092", "Bai092\Bai092.vcxproj", "{3D6C6DC8-8042-4DA3-8422-82A212B3815B}"
EndProject
Project("{8BC9CEB8-8B4A-11D0-8D11-00A0C91BC942}") = "Bai097", "Bai097\Bai097.vcxproj", "{C6F2FBFC-CA70-450F-93D5-56485BD24EBC}"
EndProject
Project("{8BC9CEB8-8B4A-11D0-8D11-00A0C91BC942}") = "Bai102", "Bai102\Bai102.vcxproj", "{4C000AD8-D41C-40AD-BD7F-FE9753BF492A}"
EndProject
Project("{8BC9CEB8-8B4A-11D0-8D11-00A0C91BC942}") = "Bai107", "Bai107\Bai107.vcxproj", "{D58F0DBF-318F-4D75-93B3-FEC44A7EE862}"
EndProject
Project("{8BC9CEB8-8B4A-11D0-8D11-00A0C91BC942}") = "Bai112", "Bai112\Bai112.vcxproj", "{E0E81B79-1559-43D3-AF5E-B300C5CD2008}"
EndProject
Project("{8BC9CEB8-8B4A-11D0-8D11-00A0C91BC942}") = "Bai117", "Bai117\Bai117.vcxproj", "{8A1CD32F-D23E-4347-BBA3-78014BD5177F}"
EndProject
Project("{8BC9CEB8-8B4A-11D0-8D11-00A0C91BC942}") = "Bai122", "Bai122\Bai122.vcxproj", "{1F599E1A-53A2-47D2-BB65-EB3919E504FB}"
EndProject
Project("{8BC9CEB8-8B4A-11D0-8D11-00A0C91BC942}") = "Bai127", "Bai127\Bai127.vcxproj", "{FBA6C8F1-CD83-4AF8-9057-7EDED814A27C}"
EndProject
Project("{8BC9CEB8-8B4A-11D0-8D11-00A0C91BC942}") = "Bai132", "Bai132\Bai132.vcxproj", "{3A4D2EBD-EF0D-4BA9-908C-3495A2657C07}"
EndProject
Project("{8BC9CEB8-8B4A-11D0-8D11-00A0C91BC942}") = "Bai137", "Bai137\Bai137.vcxproj", "{8CDDB01A-B6BB-4E4A-8AB2-DE80FBEF1C47}"
EndProject
Project("{8BC9CEB8-8B4A-11D0-8D11-00A0C91BC942}") = "Bai142", "Bai142\Bai142.vcxproj", "{FCE914B1-C627-4BD8-A567-94B840E65ABF}"
EndProject
Project("{8BC9CEB8-8B4A-11D0-8D11-00A0C91BC942}") = "Bai147", "Bai147\Bai147.vcxproj", "{B395542E-91AD-4420-9B08-BB83D137C19B}"
EndProject
Project("{8BC9CEB8-8B4A-11D0-8D11-00A0C91BC942}") = "Bai152", "Bai152\Bai152.vcxproj", "{CF56F906-D1C3-432F-92E6-EA2C40CADF22}"
EndProject
Project("{8BC9CEB8-8B4A-11D0-8D11-00A0C91BC942}") = "Bai157", "Bai157\Bai157.vcxproj", "{8894B1C1-0F0E-4704-A874-679FAA5A52F1}"
EndProject
Project("{8BC9CEB8-8B4A-11D0-8D11-00A0C91BC942}") = "Bai162", "Bai162\Bai162.vcxproj", "{76EDC511-7AD9-40E6-B8A0-B2D96FC470F5}"
EndProject
Project("{8BC9CEB8-8B4A-11D0-8D11-00A0C91BC942}") = "Bai167", "Bai167\Bai167.vcxproj", "{1777F9C2-F7AA-42EB-B948-E200C8ADBC3C}"
EndProject
Project("{8BC9CEB8-8B4A-11D0-8D11-00A0C91BC942}") = "Bai172", "Bai172\Bai172.vcxproj", "{9A146208-EBE8-4624-9F23-BD9EFAD29BDF}"
EndProject
Project("{8BC9CEB8-8B4A-11D0-8D11-00A0C91BC942}") = "Bai177", "Bai177\Bai177.vcxproj", "{A67A1E64-4ED5-4C22-A120-AB81822BA336}"
EndProject
Project("{8BC9CEB8-8B4A-11D0-8D11-00A0C91BC942}") = "Bai182", "Bai182\Bai182.vcxproj", "{2F5CEDDC-802B-4285-8129-1B1F7D4AB47F}"
EndProject
Project("{8BC9CEB8-8B4A-11D0-8D11-00A0C91BC942}") = "Bai187", "Bai187\Bai187.vcxproj", "{D7D20AD2-4C8E-4D4B-A21F-A74C7D92C38E}"
EndProject
Project("{8BC9CEB8-8B4A-11D0-8D11-00A0C91BC942}") = "Bai192", "Bai192\Bai192.vcxproj", "{44BE977C-48FA-4702-9EC8-AD1F55ABAE06}"
EndProject
Global
	GlobalSection(SolutionConfigurationPlatforms) = preSolution
		Debug|x64 = Debug|x64
		Debug|x86 = Debug|x86
		Release|x64 = Release|x64
		Release|x86 = Release|x86
	EndGlobalSection
	GlobalSection(ProjectConfigurationPlatforms) = postSolution
		{67BF6659-841D-476B-98A2-B8690DBC8255}.Debug|x64.ActiveCfg = Debug|x64
		{67BF6659-841D-476B-98A2-B8690DBC8255}.Debug|x64.Build.0 = Debug|x64
		{67BF6659-841D-476B-98A2-B8690DBC8255}.Debug|x86.ActiveCfg = Debug|Win32
		{67BF6659-841D-476B-98A2-B8690DBC8255}.Debug|x86.Build.0 = Debug|Win32
		{67BF6659-841D-476B-98A2-B8690DBC8255}.Release|x64.ActiveCfg = Release|x64
		{67BF6659-841D-476B-98A2-B8690DBC8255}.Release|x64.Build.0 = Release|x64
		{67BF6659-841D-476B-98A2-B8690DBC8255}.Release|x86.ActiveCfg = Release|Win32
		{67BF6659-841D-476B-98A2-B8690DBC8255}.Release|x86.Build.0 = Release|Win32
		{FF905EEC-96B8-478D-9F81-DC5570EFCCC9}.Debug|x64.ActiveCfg = Debug|x64
		{FF905EEC-96B8-478D-9F81-DC5570EFCCC9}.Debug|x64.Build.0 = Debug|x64
		{FF905EEC-96B8-478D-9F81-DC5570EFCCC9}.Debug|x86.ActiveCfg = Debug|Win32
		{FF905EEC-96B8-478D-9F81-DC5570EFCCC9}.Debug|x86.Build.0 = Debug|Win32
		{FF905EEC-96B8-478D-9F81-DC5570EFCCC9}.Release|x64.ActiveCfg = Release|x64
		{FF905EEC-96B8-478D-9F81-DC5570EFCCC9}.Release|x64.Build.0 = Release|x64
		{FF905EEC-96B8-478D-9F81-DC5570EFCCC9}.Release|x86.ActiveCfg = Release|Win32
		{FF905EEC-96B8-478D-9F81-DC5570EFCCC9}.Release|x86.Build.0 = Release|Win32
		{011A61C5-8C04-4E00-97CD-47CD7BA45114}.Debug|x64.ActiveCfg = Debug|x64
		{011A61C5-8C04-4E00-97CD-47CD7BA45114}.Debug|x64.Build.0 = Debug|x64
		{011A61C5-8C04-4E00-97CD-47CD7BA45114}.Debug|x86.ActiveCfg = Debug|Win32
		{011A61C5-8C04-4E00-97CD-47CD7BA45114}.Debug|x86.Build.0 = Debug|Win32
		{011A61C5-8C04-4E00-97CD-47CD7BA45114}.Release|x64.ActiveCfg = Release|x64
		{011A61C5-8C04-4E00-97CD-47CD7BA45114}.Release|x64.Build.0 = Release|x64
		{011A61C5-8C04-4E00-97CD-47CD7BA45114}.Release|x86.ActiveCfg = Release|Win32
		{011A61C5-8C04-4E00-97CD-47CD7BA45114}.Release|x86.Build.0 = Release|Win32
		{CC7799AB-C165-4834-80E8-5E58C2382853}.Debug|x64.ActiveCfg = Debug|x64
		{CC7799AB-C165-4834-80E8-5E58C2382853}.Debug|x64.Build.0 = Debug|x64
		{CC7799AB-C165-4834-80E8-5E58C2382853}.Debug|x86.ActiveCfg = Debug|Win32
		{CC7799AB-C165-4834-80E8-5E58C2382853}.Debug|x86.Build.0 = Debug|Win32
		{CC7799AB-C165-4834-80E8-5E58C2382853}.Release|x64.ActiveCfg = Release|x64
		{CC7799AB-C165-4834-80E8-5E58C2382853}.Release|x64.Build.0 = Release|x64
		{CC7799AB-C165-4834-80E8-5E58C2382853}.Release|x86.ActiveCfg = Release|Win32
		{CC7799AB-C165-4834-80E8-5E58C2382853}.Release|x86.Build.0 = Release|Win32
		{30F03A0F-B5B7-44A8-BE33-4005A51427FE}.Debug|x64.ActiveCfg = Debug|x64
		{30F03A0F-B5B7-44A8-BE33-4005A51427FE}.Debug|x64.Build.0 = Debug|x64
		{30F03A0F-B5B7-44A8-BE33-4005A51427FE}.Debug|x86.ActiveCfg = Debug|Win32
		{30F03A0F-B5B7-44A8-BE33-4005A51427FE}.Debug|x86.Build.0 = Debug|Win32
		{30F03A0F-B5B7-44A8-BE33-4005A51427FE}.Release|x64.ActiveCfg = Release|x64
		{30F03A0F-B5B7-44A8-BE33-4005A51427FE}.Release|x64.Build.0 = Release|x64
		{30F03A0F-B5B7-44A8-BE33-4005A51427FE}.Release|x86.ActiveCfg = Release|Win32
		{30F03A0F-B5B7-44A8-BE33-4005A51427FE}.Release|x86.Build.0 = Release|Win32
		{4B6F4B9A-0DB7-4B14-A2D4-23CA80064872}.Debug|x64.ActiveCfg = Debug|x64
		{4B6F4B9A-0DB7-4B14-A2D4-23CA80064872}.Debug|x64.Build.0 = Debug|x64
		{4B6F4B9A-0DB7-4B14-A2D4-23CA80064872}.Debug|x86.ActiveCfg = Debug|Win32
		{4B6F4B9A-0DB7-4B14-A2D4-23CA80064872}.Debug|x86.Build.0 = Debug|Win32
		{4B6F4B9A-0DB7-4B14-A2D4-23CA80064872}.Release|x64.ActiveCfg = Release|x64
		{4B6F4B9A-0DB7-4B14-A2D4-23CA80064872}.Release|x64.Build.0 = Release|x64
		{4B6F4B9A-0DB7-4B14-A2D4-23CA80064872}.Release|x86.ActiveCfg = Release|Win32
		{4B6F4B9A-0DB7-4B14-A2D4-23CA80064872}.Release|x86.Build.0 = Release|Win32
		{4844470E-2EC1-48BD-AB67-396A70551519}.Debug|x64.ActiveCfg = Debug|x64
		{4844470E-2EC1-48BD-AB67-396A70551519}.Debug|x64.Build.0 = Debug|x64
		{4844470E-2EC1-48BD-AB67-396A70551519}.Debug|x86.ActiveCfg = Debug|Win32
		{4844470E-2EC1-48BD-AB67-396A70551519}.Debug|x86.Build.0 = Debug|Win32
		{4844470E-2EC1-48BD-AB67-396A70551519}.Release|x64.ActiveCfg = Release|x64
		{4844470E-2EC1-48BD-AB67-396A70551519}.Release|x64.Build.0 = Release|x64
		{4844470E-2EC1-48BD-AB67-396A70551519}.Release|x86.ActiveCfg = Release|Win32
		{4844470E-2EC1-48BD-AB67-396A70551519}.Release|x86.Build.0 = Release|Win32
		{7D4E842A-C186-4B05-A7F3-D5212A986DB5}.Debug|x64.ActiveCfg = Debug|x64
		{7D4E842A-C186-4B05-A7F3-D5212A986DB5}.Debug|x64.Build.0 = Debug|x64
		{7D4E842A-C186-4B05-A7F3-D5212A986DB5}.Debug|x86.ActiveCfg = Debug|Win32
		{7D4E842A-C186-4B05-A7F3-D5212A986DB5}.Debug|x86.Build.0 = Debug|Win32
		{7D4E842A-C186-4B05-A7F3-D5212A986DB5}.Release|x64.ActiveCfg = Release|x64
		{7D4E842A-C186-4B05-A7F3-D5212A986DB5}.Release|x64.Build.0 = Release|x64
		{7D4E842A-C186-4B05-A7F3-D5212A986DB5}.Release|x86.ActiveCfg = Release|Win32
		{7D4E842A-C186-4B05-A7F3-D5212A986DB5}.Release|x86.Build.0 = Release|Win32
		{6B70060B-8277-47C1-ACC5-A86E1884708F}.Debug|x64.ActiveCfg = Debug|x64
		{6B70060B-8277-47C1-ACC5-A86E1884708F}.Debug|x64.Build.0 = Debug|x64
		{6B70060B-8277-47C1-ACC5-A86E1884708F}.Debug|x86.ActiveCfg = Debug|Win32
		{6B70060B-8277-47C1-ACC5-A86E1884708F}.Debug|x86.Build.0 = Debug|Win32
		{6B70060B-8277-47C1-ACC5-A86E1884708F}.Release|x64.ActiveCfg = Release|x64
		{6B70060B-8277-47C1-ACC5-A86E1884708F}.Release|x64.Build.0 = Release|x64
		{6B70060B-8277-47C1-ACC5-A86E1884708F}.Release|x86.ActiveCfg = Release|Win32
		{6B70060B-8277-47C1-ACC5-A86E1884708F}.Release|x86.Build.0 = Release|Win32
		{6E31EEA4-4B4A-4845-9305-B8D71B2FFF56}.Debug|x64.ActiveCfg = Debug|x64
		{6E31EEA4-4B4A-4845-9305-B8D71B2FFF56}.Debug|x64.Build.0 = Debug|x64
		{6E31EEA4-4B4A-4845-9305-B8D71B2FFF56}.Debug|x86.ActiveCfg = Debug|Win32
		{6E31EEA4-4B4A-4845-9305-B8D71B2FFF56}.Debug|x86.Build.0 = Debug|Win32
		{6E31EEA4-4B4A-4845-9305-B8D71B2FFF56}.Release|x64.ActiveCfg = Release|x64
		{6E31EEA4-4B4A-4845-9305-B8D71B2FFF56}.Release|x64.Build.0 = Release|x64
		{6E31EEA4-4B4A-4845-9305-B8D71B2FFF56}.Release|x86.ActiveCfg = Release|Win32
		{6E31EEA4-4B4A-4845-9305-B8D71B2FFF56}.Release|x86.Build.0 = Release|Win32
		{39682CFD-0FE9-4935-8BB9-282B655F6BEB}.Debug|x64.ActiveCfg = Debug|x64
		{39682CFD-0FE9-4935-8BB9-282B655F6BEB}.Debug|x64.Build.0 = Debug|x64
		{39682CFD-0FE9-4935-8BB9-282B655F6BEB}.Debug|x86.ActiveCfg = Debug|Win32
		{39682CFD-0FE9-4935-8BB9-282B655F6BEB}.Debug|x86.Build.0 = Debug|Win32
		{39682CFD-0FE9-4935-8BB9-282B655F6BEB}.Release|x64.ActiveCfg = Release|x64
		{39682CFD-0FE9-4935-8BB9-282B655F6BEB}.Release|x64.Build.0 = Release|x64
		{39682CFD-0FE9-4935-8BB9-282B655F6BEB}.Release|x86.ActiveCfg = Release|Win32
		{39682CFD-0FE9-4935-8BB9-282B655F6BEB}.Release|x86.Build.0 = Release|Win32
		{894E9311-5A79-410B-B7FF-B21C0F021977}.Debug|x64.ActiveCfg = Debug|x64
		{894E9311-5A79-410B-B7FF-B21C0F021977}.Debug|x64.Build.0 = Debug|x64
		{894E9311-5A79-410B-B7FF-B21C0F021977}.Debug|x86.ActiveCfg = Debug|Win32
		{894E9311-5A79-410B-B7FF-B21C0F021977}.Debug|x86.Build.0 = Debug|Win32
		{894E9311-5A79-410B-B7FF-B21C0F021977}.Release|x64.ActiveCfg = Release|x64
		{894E9311-5A79-410B-B7FF-B21C0F021977}.Release|x64.Build.0 = Release|x64
		{894E9311-5A79-410B-B7FF-B21C0F021977}.Release|x86.ActiveCfg = Release|Win32
		{894E9311-5A79-410B-B7FF-B21C0F021977}.Release|x86.Build.0 = Release|Win32
		{452D107D-8895-4F14-A496-1AF39FC43ADB}.Debug|x64.ActiveCfg = Debug|x64
		{452D107D-8895-4F14-A496-1AF39FC43ADB}.Debug|x64.Build.0 = Debug|x64
		{452D107D-8895-4F14-A496-1AF39FC43ADB}.Debug|x86.ActiveCfg = Debug|Win32
		{452D107D-8895-4F14-A496-1AF39FC43ADB}.Debug|x86.Build.0 = Debug|Win32
		{452D107D-8895-4F14-A496-1AF39FC43ADB}.Release|x64.ActiveCfg = Release|x64
		{452D107D-8895-4F14-A496-1AF39FC43ADB}.Release|x64.Build.0 = Release|x64
		{452D107D-8895-4F14-A496-1AF39FC43ADB}.Release|x86.ActiveCfg = Release|Win32
		{452D107D-8895-4F14-A496-1AF39FC43ADB}.Release|x86.Build.0 = Release|Win32
		{F3EF422D-1A1F-408C-A74D-9AE60442D9D3}.Debug|x64.ActiveCfg = Debug|x64
		{F3EF422D-1A1F-408C-A74D-9AE60442D9D3}.Debug|x64.Build.0 = Debug|x64
		{F3EF422D-1A1F-408C-A74D-9AE60442D9D3}.Debug|x86.ActiveCfg = Debug|Win32
		{F3EF422D-1A1F-408C-A74D-9AE60442D9D3}.Debug|x86.Build.0 = Debug|Win32
		{F3EF422D-1A1F-408C-A74D-9AE60442D9D3}.Release|x64.ActiveCfg = Release|x64
		{F3EF422D-1A1F-408C-A74D-9AE60442D9D3}.Release|x64.Build.0 = Release|x64
		{F3EF422D-1A1F-408C-A74D-9AE60442D9D3}.Release|x86.ActiveCfg = Release|Win32
		{F3EF422D-1A1F-408C-A74D-9AE60442D9D3}.Release|x86.Build.0 = Release|Win32
		{9411BBC3-0EED-4F5F-BDBA-FDC5B615FE94}.Debug|x64.ActiveCfg = Debug|x64
		{9411BBC3-0EED-4F5F-BDBA-FDC5B615FE94}.Debug|x64.Build.0 = Debug|x64
		{9411BBC3-0EED-4F5F-BDBA-FDC5B615FE94}.Debug|x86.ActiveCfg = Debug|Win32
		{9411BBC3-0EED-4F5F-BDBA-FDC5B615FE94}.Debug|x86.Build.0 = Debug|Win32
		{9411BBC3-0EED-4F5F-BDBA-FDC5B615FE94}.Release|x64.ActiveCfg = Release|x64
		{9411BBC3-0EED-4F5F-BDBA-FDC5B615FE94}.Release|x64.Build.0 = Release|x64
		{9411BBC3-0EED-4F5F-BDBA-FDC5B615FE94}.Release|x86.ActiveCfg = Release|Win32
		{9411BBC3-0EED-4F5F-BDBA-FDC5B615FE94}.Release|x86.Build.0 = Release|Win32
		{D11003A9-35B8-4033-B273-5A4262E2E90D}.Debug|x64.ActiveCfg = Debug|x64
		{D11003A9-35B8-4033-B273-5A4262E2E90D}.Debug|x64.Build.0 = Debug|x64
		{D11003A9-35B8-4033-B273-5A4262E2E90D}.Debug|x86.ActiveCfg = Debug|Win32
		{D11003A9-35B8-4033-B273-5A4262E2E90D}.Debug|x86.Build.0 = Debug|Win32
		{D11003A9-35B8-4033-B273-5A4262E2E90D}.Release|x64.ActiveCfg = Release|x64
		{D11003A9-35B8-4033-B273-5A4262E2E90D}.Release|x64.Build.0 = Release|x64
		{D11003A9-35B8-4033-B273-5A4262E2E90D}.Release|x86.ActiveCfg = Release|Win32
		{D11003A9-35B8-4033-B273-5A4262E2E90D}.Release|x86.Build.0 = Release|Win32
		{B09093E4-0B59-4218-9ABC-3F3D8D9B0AE9}.Debug|x64.ActiveCfg = Debug|x64
		{B09093E4-0B59-4218-9ABC-3F3D8D9B0AE9}.Debug|x64.Build.0 = Debug|x64
		{B09093E4-0B59-4218-9ABC-3F3D8D9B0AE9}.Debug|x86.ActiveCfg = Debug|Win32
		{B09093E4-0B59-4218-9ABC-3F3D8D9B0AE9}.Debug|x86.Build.0 = Debug|Win32
		{B09093E4-0B59-4218-9ABC-3F3D8D9B0AE9}.Release|x64.ActiveCfg = Release|x64
		{B09093E4-0B59-4218-9ABC-3F3D8D9B0AE9}.Release|x64.Build.0 = Release|x64
		{B09093E4-0B59-4218-9ABC-3F3D8D9B0AE9}.Release|x86.ActiveCfg = Release|Win32
		{B09093E4-0B59-4218-9ABC-3F3D8D9B0AE9}.Release|x86.Build.0 = Release|Win32
		{C2C2A83F-CF07-4A9D-98E6-9D5767925F62}.Debug|x64.ActiveCfg = Debug|x64
		{C2C2A83F-CF07-4A9D-98E6-9D5767925F62}.Debug|x64.Build.0 = Debug|x64
		{C2C2A83F-CF07-4A9D-98E6-9D5767925F62}.Debug|x86.ActiveCfg = Debug|Win32
		{C2C2A83F-CF07-4A9D-98E6-9D5767925F62}.Debug|x86.Build.0 = Debug|Win32
		{C2C2A83F-CF07-4A9D-98E6-9D5767925F62}.Release|x64.ActiveCfg = Release|x64
		{C2C2A83F-CF07-4A9D-98E6-9D5767925F62}.Release|x64.Build.0 = Release|x64
		{C2C2A83F-CF07-4A9D-98E6-9D5767925F62}.Release|x86.ActiveCfg = Release|Win32
		{C2C2A83F-CF07-4A9D-98E6-9D5767925F62}.Release|x86.Build.0 = Release|Win32
		{3D6C6DC8-8042-4DA3-8422-82A212B3815B}.Debug|x64.ActiveCfg = Debug|x64
		{3D6C6DC8-8042-4DA3-8422-82A212B3815B}.Debug|x64.Build.0 = Debug|x64
		{3D6C6DC8-8042-4DA3-8422-82A212B3815B}.Debug|x86.ActiveCfg = Debug|Win32
		{3D6C6DC8-8042-4DA3-8422-82A212B3815B}.Debug|x86.Build.0 = Debug|Win32
		{3D6C6DC8-8042-4DA3-8422-82A212B3815B}.Release|x64.ActiveCfg = Release|x64
		{3D6C6DC8-8042-4DA3-8422-82A212B3815B}.Release|x64.Build.0 = Release|x64
		{3D6C6DC8-8042-4DA3-8422-82A212B3815B}.Release|x86.ActiveCfg = Release|Win32
		{3D6C6DC8-8042-4DA3-8422-82A212B3815B}.Release|x86.Build.0 = Release|Win32
		{C6F2FBFC-CA70-450F-93D5-56485BD24EBC}.Debug|x64.ActiveCfg = Debug|x64
		{C6F2FBFC-CA70-450F-93D5-56485BD24EBC}.Debug|x64.Build.0 = Debug|x64
		{C6F2FBFC-CA70-450F-93D5-56485BD24EBC}.Debug|x86.ActiveCfg = Debug|Win32
		{C6F2FBFC-CA70-450F-93D5-56485BD24EBC}.Debug|x86.Build.0 = Debug|Win32
		{C6F2FBFC-CA70-450F-93D5-56485BD24EBC}.Release|x64.ActiveCfg = Release|x64
		{C6F2FBFC-CA70-450F-93D5-56485BD24EBC}.Release|x64.Build.0 = Release|x64
		{C6F2FBFC-CA70-450F-93D5-56485BD24EBC}.Release|x86.ActiveCfg = Release|Win32
		{C6F2FBFC-CA70-450F-93D5-56485BD24EBC}.Release|x86.Build.0 = Release|Win32
		{4C000AD8-D41C-40AD-BD7F-FE9753BF492A}.Debug|x64.ActiveCfg = Debug|x64
		{4C000AD8-D41C-40AD-BD7F-FE9753BF492A}.Debug|x64.Build.0 = Debug|x64
		{4C000AD8-D41C-40AD-BD7F-FE9753BF492A}.Debug|x86.ActiveCfg = Debug|Win32
		{4C000AD8-D41C-40AD-BD7F-FE9753BF492A}.Debug|x86.Build.0 = Debug|Win32
		{4C000AD8-D41C-40AD-BD7F-FE9753BF492A}.Release|x64.ActiveCfg = Release|x64
		{4C000AD8-D41C-40AD-BD7F-FE9753BF492A}.Release|x64.Build.0 = Release|x64
		{4C000AD8-D41C-40AD-BD7F-FE9753BF492A}.Release|x86.ActiveCfg = Release|Win32
		{4C000AD8-D41C-40AD-BD7F-FE9753BF492A}.Release|x86.Build.0 = Release|Win32
		{D58F0DBF-318F-4D75-93B3-FEC44A7EE862}.Debug|x64.ActiveCfg = Debug|x64
		{D58F0DBF-318F-4D75-93B3-FEC44A7EE862}.Debug|x64.Build.0 = Debug|x64
		{D58F0DBF-318F-4D75-93B3-FEC44A7EE862}.Debug|x86.ActiveCfg = Debug|Win32
		{D58F0DBF-318F-4D75-93B3-FEC44A7EE862}.Debug|x86.Build.0 = Debug|Win32
		{D58F0DBF-318F-4D75-93B3-FEC44A7EE862}.Release|x64.ActiveCfg = Release|x64
		{D58F0DBF-318F-4D75-93B3-FEC44A7EE862}.Release|x64.Build.0 = Release|x64
		{D58F0DBF-318F-4D75-93B3-FEC44A7EE862}.Release|x86.ActiveCfg = Release|Win32
		{D58F0DBF-318F-4D75-93B3-FEC44A7EE862}.Release|x86.Build.0 = Release|Win32
		{E0E81B79-1559-43D3-AF5E-B300C5CD2008}.Debug|x64.ActiveCfg = Debug|x64
		{E0E81B79-1559-43D3-AF5E-B300C5CD2008}.Debug|x64.Build.0 = Debug|x64
		{E0E81B79-1559-43D3-AF5E-B300C5CD2008}.Debug|x86.ActiveCfg = Debug|Win32
		{E0E81B79-1559-43D3-AF5E-B300C5CD2008}.Debug|x86.Build.0 = Debug|Win32
		{E0E81B79-1559-43D3-AF5E-B300C5CD2008}.Release|x64.ActiveCfg = Release|x64
		{E0E81B79-1559-43D3-AF5E-B300C5CD2008}.Release|x64.Build.0 = Release|x64
		{E0E81B79-1559-43D3-AF5E-B300C5CD2008}.Release|x86.ActiveCfg = Release|Win32
		{E0E81B79-1559-43D3-AF5E-B300C5CD2008}.Release|x86.Build.0 = Release|Win32
		{8A1CD32F-D23E-4347-BBA3-78014BD5177F}.Debug|x64.ActiveCfg = Debug|x64
		{8A1CD32F-D23E-4347-BBA3-78014BD5177F}.Debug|x64.Build.0 = Debug|x64
		{8A1CD32F-D23E-4347-BBA3-78014BD5177F}.Debug|x86.ActiveCfg = Debug|Win32
		{8A1CD32F-D23E-4347-BBA3-78014BD5177F}.Debug|x86.Build.0 = Debug|Win32
		{8A1CD32F-D23E-4347-BBA3-78014BD5177F}.Release|x64.ActiveCfg = Release|x64
		{8A1CD32F-D23E-4347-BBA3-78014BD5177F}.Release|x64.Build.0 = Release|x64
		{8A1CD32F-D23E-4347-BBA3-78014BD5177F}.Release|x86.ActiveCfg = Release|Win32
		{8A1CD32F-D23E-4347-BBA3-78014BD5177F}.Release|x86.Build.0 = Release|Win32
		{1F599E1A-53A2-47D2-BB65-EB3919E504FB}.Debug|x64.ActiveCfg = Debug|x64
		{1F599E1A-53A2-47D2-BB65-EB3919E504FB}.Debug|x64.Build.0 = Debug|x64
		{1F599E1A-53A2-47D2-BB65-EB3919E504FB}.Debug|x86.ActiveCfg = Debug|Win32
		{1F599E1A-53A2-47D2-BB65-EB3919E504FB}.Debug|x86.Build.0 = Debug|Win32
		{1F599E1A-53A2-47D2-BB65-EB3919E504FB}.Release|x64.ActiveCfg = Release|x64
		{1F599E1A-53A2-47D2-BB65-EB3919E504FB}.Release|x64.Build.0 = Release|x64
		{1F599E1A-53A2-47D2-BB65-EB3919E504FB}.Release|x86.ActiveCfg = Release|Win32
		{1F599E1A-53A2-47D2-BB65-EB3919E504FB}.Release|x86.Build.0 = Release|Win32
		{FBA6C8F1-CD83-4AF8-9057-7EDED814A27C}.Debug|x64.ActiveCfg = Debug|x64
		{FBA6C8F1-CD83-4AF8-9057-7EDED814A27C}.Debug|x64.Build.0 = Debug|x64
		{FBA6C8F1-CD83-4AF8-9057-7EDED814A27C}.Debug|x86.ActiveCfg = Debug|Win32
		{FBA6C8F1-CD83-4AF8-9057-7EDED814A27C}.Debug|x86.Build.0 = Debug|Win32
		{FBA6C8F1-CD83-4AF8-9057-7EDED814A27C}.Release|x64.ActiveCfg = Release|x64
		{FBA6C8F1-CD83-4AF8-9057-7EDED814A27C}.Release|x64.Build.0 = Release|x64
		{FBA6C8F1-CD83-4AF8-9057-7EDED814A27C}.Release|x86.ActiveCfg = Release|Win32
		{FBA6C8F1-CD83-4AF8-9057-7EDED814A27C}.Release|x86.Build.0 = Release|Win32
		{3A4D2EBD-EF0D-4BA9-908C-3495A2657C07}.Debug|x64.ActiveCfg = Debug|x64
		{3A4D2EBD-EF0D-4BA9-908C-3495A2657C07}.Debug|x64.Build.0 = Debug|x64
		{3A4D2EBD-EF0D-4BA9-908C-3495A2657C07}.Debug|x86.ActiveCfg = Debug|Win32
		{3A4D2EBD-EF0D-4BA9-908C-3495A2657C07}.Debug|x86.Build.0 = Debug|Win32
		{3A4D2EBD-EF0D-4BA9-908C-3495A2657C07}.Release|x64.ActiveCfg = Release|x64
		{3A4D2EBD-EF0D-4BA9-908C-3495A2657C07}.Release|x64.Build.0 = Release|x64
		{3A4D2EBD-EF0D-4BA9-908C-3495A2657C07}.Release|x86.ActiveCfg = Release|Win32
		{3A4D2EBD-EF0D-4BA9-908C-3495A2657C07}.Release|x86.Build.0 = Release|Win32
		{8CDDB01A-B6BB-4E4A-8AB2-DE80FBEF1C47}.Debug|x64.ActiveCfg = Debug|x64
		{8CDDB01A-B6BB-4E4A-8AB2-DE80FBEF1C47}.Debug|x64.Build.0 = Debug|x64
		{8CDDB01A-B6BB-4E4A-8AB2-DE80FBEF1C47}.Debug|x86.ActiveCfg = Debug|Win32
		{8CDDB01A-B6BB-4E4A-8AB2-DE80FBEF1C47}.Debug|x86.Build.0 = Debug|Win32
		{8CDDB01A-B6BB-4E4A-8AB2-DE80FBEF1C47}.Release|x64.ActiveCfg = Release|x64
		{8CDDB01A-B6BB-4E4A-8AB2-DE80FBEF1C47}.Release|x64.Build.0 = Release|x64
		{8CDDB01A-B6BB-4E4A-8AB2-DE80FBEF1C47}.Release|x86.ActiveCfg = Release|Win32
		{8CDDB01A-B6BB-4E4A-8AB2-DE80FBEF1C47}.Release|x86.Build.0 = Release|Win32
		{FCE914B1-C627-4BD8-A567-94B840E65ABF}.Debug|x64.ActiveCfg = Debug|x64
		{FCE914B1-C627-4BD8-A567-94B840E65ABF}.Debug|x64.Build.0 = Debug|x64
		{FCE914B1-C627-4BD8-A567-94B840E65ABF}.Debug|x86.ActiveCfg = Debug|Win32
		{FCE914B1-C627-4BD8-A567-94B840E65ABF}.Debug|x86.Build.0 = Debug|Win32
		{FCE914B1-C627-4BD8-A567-94B840E65ABF}.Release|x64.ActiveCfg = Release|x64
		{FCE914B1-C627-4BD8-A567-94B840E65ABF}.Release|x64.Build.0 = Release|x64
		{FCE914B1-C627-4BD8-A567-94B840E65ABF}.Release|x86.ActiveCfg = Release|Win32
		{FCE914B1-C627-4BD8-A567-94B840E65ABF}.Release|x86.Build.0 = Release|Win32
		{B395542E-91AD-4420-9B08-BB83D137C19B}.Debug|x64.ActiveCfg = Debug|x64
		{B395542E-91AD-4420-9B08-BB83D137C19B}.Debug|x64.Build.0 = Debug|x64
		{B395542E-91AD-4420-9B08-BB83D137C19B}.Debug|x86.ActiveCfg = Debug|Win32
		{B395542E-91AD-4420-9B08-BB83D137C19B}.Debug|x86.Build.0 = Debug|Win32
		{B395542E-91AD-4420-9B08-BB83D137C19B}.Release|x64.ActiveCfg = Release|x64
		{B395542E-91AD-4420-9B08-BB83D137C19B}.Release|x64.Build.0 = Release|x64
		{B395542E-91AD-4420-9B08-BB83D137C19B}.Release|x86.ActiveCfg = Release|Win32
		{B395542E-91AD-4420-9B08-BB83D137C19B}.Release|x86.Build.0 = Release|Win32
		{CF56F906-D1C3-432F-92E6-EA2C40CADF22}.Debug|x64.ActiveCfg = Debug|x64
		{CF56F906-D1C3-432F-92E6-EA2C40CADF22}.Debug|x64.Build.0 = Debug|x64
		{CF56F906-D1C3-432F-92E6-EA2C40CADF22}.Debug|x86.ActiveCfg = Debug|Win32
		{CF56F906-D1C3-432F-92E6-EA2C40CADF22}.Debug|x86.Build.0 = Debug|Win32
		{CF56F906-D1C3-432F-92E6-EA2C40CADF22}.Release|x64.ActiveCfg = Release|x64
		{CF56F906-D1C3-432F-92E6-EA2C40CADF22}.Release|x64.Build.0 = Release|x64
		{CF56F906-D1C3-432F-92E6-EA2C40CADF22}.Release|x86.ActiveCfg = Release|Win32
		{CF56F906-D1C3-432F-92E6-EA2C40CADF22}.Release|x86.Build.0 = Release|Win32
		{8894B1C1-0F0E-4704-A874-679FAA5A52F1}.Debug|x64.ActiveCfg = Debug|x64
		{8894B1C1-0F0E-4704-A874-679FAA5A52F1}.Debug|x64.Build.0 = Debug|x64
		{8894B1C1-0F0E-4704-A874-679FAA5A52F1}.Debug|x86.ActiveCfg = Debug|Win32
		{8894B1C1-0F0E-4704-A874-679FAA5A52F1}.Debug|x86.Build.0 = Debug|Win32
		{8894B1C1-0F0E-4704-A874-679FAA5A52F1}.Release|x64.ActiveCfg = Release|x64
		{8894B1C1-0F0E-4704-A874-679FAA5A52F1}.Release|x64.Build.0 = Release|x64
		{8894B1C1-0F0E-4704-A874-679FAA5A52F1}.Release|x86.ActiveCfg = Release|Win32
		{8894B1C1-0F0E-4704-A874-679FAA5A52F1}.Release|x86.Build.0 = Release|Win32
		{76EDC511-7AD9-40E6-B8A0-B2D96FC470F5}.Debug|x64.ActiveCfg = Debug|x64
		{76EDC511-7AD9-40E6-B8A0-B2D96FC470F5}.Debug|x64.Build.0 = Debug|x64
		{76EDC511-7AD9-40E6-B8A0-B2D96FC470F5}.Debug|x86.ActiveCfg = Debug|Win32
		{76EDC511-7AD9-40E6-B8A0-B2D96FC470F5}.Debug|x86.Build.0 = Debug|Win32
		{76EDC511-7AD9-40E6-B8A0-B2D96FC470F5}.Release|x64.ActiveCfg = Release|x64
		{76EDC511-7AD9-40E6-B8A0-B2D96FC470F5}.Release|x64.Build.0 = Release|x64
		{76EDC511-7AD9-40E6-B8A0-B2D96FC470F5}.Release|x86.ActiveCfg = Release|Win32
		{76EDC511-7AD9-40E6-B8A0-B2D96FC470F5}.Release|x86.Build.0 = Release|Win32
		{1777F9C2-F7AA-42EB-B948-E200C8ADBC3C}.Debug|x64.ActiveCfg = Debug|x64
		{1777F9C2-F7AA-42EB-B948-E200C8ADBC3C}.Debug|x64.Build.0 = Debug|x64
		{1777F9C2-F7AA-42EB-B948-E200C8ADBC3C}.Debug|x86.ActiveCfg = Debug|Win32
		{1777F9C2-F7AA-42EB-B948-E200C8ADBC3C}.Debug|x86.Build.0 = Debug|Win32
		{1777F9C2-F7AA-42EB-B948-E200C8ADBC3C}.Release|x64.ActiveCfg = Release|x64
		{1777F9C2-F7AA-42EB-B948-E200C8ADBC3C}.Release|x64.Build.0 = Release|x64
		{1777F9C2-F7AA-42EB-B948-E200C8ADBC3C}.Release|x86.ActiveCfg = Release|Win32
		{1777F9C2-F7AA-42EB-B948-E200C8ADBC3C}.Release|x86.Build.0 = Release|Win32
		{9A146208-EBE8-4624-9F23-BD9EFAD29BDF}.Debug|x64.ActiveCfg = Debug|x64
		{9A146208-EBE8-4624-9F23-BD9EFAD29BDF}.Debug|x64.Build.0 = Debug|x64
		{9A146208-EBE8-4624-9F23-BD9EFAD29BDF}.Debug|x86.ActiveCfg = Debug|Win32
		{9A146208-EBE8-4624-9F23-BD9EFAD29BDF}.Debug|x86.Build.0 = Debug|Win32
		{9A146208-EBE8-4624-9F23-BD9EFAD29BDF}.Release|x64.ActiveCfg = Release|x64
		{9A146208-EBE8-4624-9F23-BD9EFAD29BDF}.Release|x64.Build.0 = Release|x64
		{9A146208-EBE8-4624-9F23-BD9EFAD29BDF}.Release|x86.ActiveCfg = Release|Win32
		{9A146208-EBE8-4624-9F23-BD9EFAD29BDF}.Release|x86.Build.0 = Release|Win32
		{A67A1E64-4ED5-4C22-A120-AB81822BA336}.Debug|x64.ActiveCfg = Debug|x64
		{A67A1E64-4ED5-4C22-A120-AB81822BA336}.Debug|x64.Build.0 = Debug|x64
		{A67A1E64-4ED5-4C22-A120-AB81822BA336}.Debug|x86.ActiveCfg = Debug|Win32
		{A67A1E64-4ED5-4C22-A120-AB81822BA336}.Debug|x86.Build.0 = Debug|Win32
		{A67A1E64-4ED5-4C22-A120-AB81822BA336}.Release|x64.ActiveCfg = Release|x64
		{A67A1E64-4ED5-4C22-A120-AB81822BA336}.Release|x64.Build.0 = Release|x64
		{A67A1E64-4ED5-4C22-A120-AB81822BA336}.Release|x86.ActiveCfg = Release|Win32
		{A67A1E64-4ED5-4C22-A120-AB81822BA336}.Release|x86.Build.0 = Release|Win32
		{2F5CEDDC-802B-4285-8129-1B1F7D4AB47F}.Debug|x64.ActiveCfg = Debug|x64
		{2F5CEDDC-802B-4285-8129-1B1F7D4AB47F}.Debug|x64.Build.0 = Debug|x64
		{2F5CEDDC-802B-4285-8129-1B1F7D4AB47F}.Debug|x86.ActiveCfg = Debug|Win32
		{2F5CEDDC-802B-4285-8129-1B1F7D4AB47F}.Debug|x86.Build.0 = Debug|Win32
		{2F5CEDDC-802B-4285-8129-1B1F7D4AB47F}.Release|x64.ActiveCfg = Release|x64
		{2F5CEDDC-802B-4285-8129-1B1F7D4AB47F}.Release|x64.Build.0 = Release|x64
		{2F5CEDDC-802B-4285-8129-1B1F7D4AB47F}.Release|x86.ActiveCfg = Release|Win32
		{2F5CEDDC-802B-4285-8129-1B1F7D4AB47F}.Release|x86.Build.0 = Release|Win32
		{D7D20AD2-4C8E-4D4B-A21F-A74C7D92C38E}.Debug|x64.ActiveCfg = Debug|x64
		{D7D20AD2-4C8E-4D4B-A21F-A74C7D92C38E}.Debug|x64.Build.0 = Debug|x64
		{D7D20AD2-4C8E-4D4B-A21F-A74C7D92C38E}.Debug|x86.ActiveCfg = Debug|Win32
		{D7D20AD2-4C8E-4D4B-A21F-A74C7D92C38E}.Debug|x86.Build.0 = Debug|Win32
		{D7D20AD2-4C8E-4D4B-A21F-A74C7D92C38E}.Release|x64.ActiveCfg = Release|x64
		{D7D20AD2-4C8E-4D4B-A21F-A74C7D92C38E}.Release|x64.Build.0 = Release|x64
		{D7D20AD2-4C8E-4D4B-A21F-A74C7D92C38E}.Release|x86.ActiveCfg = Release|Win32
		{D7D20AD2-4C8E-4D4B-A21F-A74C7D92C38E}.Release|x86.Build.0 = Release|Win32
		{44BE977C-48FA-4702-9EC8-AD1F55ABAE06}.Debug|x64.ActiveCfg = Debug|x64
		{44BE977C-48FA-4702-9EC8-AD1F55ABAE06}.Debug|x64.Build.0 = Debug|x64
		{44BE977C-48FA-4702-9EC8-AD1F55ABAE06}.Debug|x86.ActiveCfg = Debug|Win32
		{44BE977C-48FA-4702-9EC8-AD1F55ABAE06}.Debug|x86.Build.0 = Debug|Win32
		{44BE977C-48FA-4702-9EC8-AD1F55ABAE06}.Release|x64.ActiveCfg = Release|x64
		{44BE977C-48FA-4702-9EC8-AD1F55ABAE06}.Release|x64.Build.0 = Release|x64
		{44BE977C-48FA-4702-9EC8-AD1F55ABAE06}.Release|x86.ActiveCfg = Release|Win32
		{44BE977C-48FA-4702-9EC8-AD1F55ABAE06}.Release|x86.Build.0 = Release|Win32
	EndGlobalSection
	GlobalSection(SolutionProperties) = preSolution
		HideSolutionNode = FALSE
	EndGlobalSection
	GlobalSection(ExtensibilityGlobals) = postSolution
		SolutionGuid = {3527D4D6-8CB9-43C7-A215-BFB9268B99B6}
	EndGlobalSection
EndGlobal
