
Microsoft Visual Studio Solution File, Format Version 12.00
# Visual Studio Version 17
VisualStudioVersion = 17.7.34031.279
MinimumVisualStudioVersion = 10.0.40219.1
Project("{8BC9CEB8-8B4A-11D0-8D11-00A0C91BC942}") = "Bai003", "Bai003\Bai003.vcxproj", "{8D81BC69-329C-48B3-B198-04097DB27229}"
EndProject
Project("{8BC9CEB8-8B4A-11D0-8D11-00A0C91BC942}") = "bai008", "bai008\bai008.vcxproj", "{843064CB-8D45-4A01-8F6B-678916A11997}"
EndProject
Project("{8BC9CEB8-8B4A-11D0-8D11-00A0C91BC942}") = "Bai013", "Bai013\Bai013.vcxproj", "{FEE1DFDA-EC0B-4622-AB92-15363ECE9DC4}"
EndProject
Project("{8BC9CEB8-8B4A-11D0-8D11-00A0C91BC942}") = "Bai018", "Bai018\Bai018.vcxproj", "{F84BDC6B-F771-4409-9940-61E9C449D1BF}"
EndProject
Project("{8BC9CEB8-8B4A-11D0-8D11-00A0C91BC942}") = "Bai023", "Bai023\Bai023.vcxproj", "{794490E9-8AB8-420F-95D7-FA0FE76695E6}"
EndProject
Project("{8BC9CEB8-8B4A-11D0-8D11-00A0C91BC942}") = "Bai028", "Bai028\Bai028.vcxproj", "{720573A0-7641-455F-8D1A-D466D4653B99}"
EndProject
Project("{8BC9CEB8-8B4A-11D0-8D11-00A0C91BC942}") = "Bai033", "Bai033\Bai033.vcxproj", "{F0D3B379-D1C4-4B3E-AC4C-12F048E22953}"
EndProject
Project("{8BC9CEB8-8B4A-11D0-8D11-00A0C91BC942}") = "Bai038", "Bai038\Bai038.vcxproj", "{A58AB2D5-76AA-4128-8268-07798B666EE8}"
EndProject
Project("{8BC9CEB8-8B4A-11D0-8D11-00A0C91BC942}") = "Bai043", "Bai043\Bai043.vcxproj", "{EC6DE569-F822-4203-8682-EAB87307C073}"
EndProject
Project("{8BC9CEB8-8B4A-11D0-8D11-00A0C91BC942}") = "Bai048", "Bai048\Bai048.vcxproj", "{4A8FE92F-EBDE-48CF-89E4-359BE01C8FD5}"
EndProject
Project("{8BC9CEB8-8B4A-11D0-8D11-00A0C91BC942}") = "Bai053", "Bai053\Bai053.vcxproj", "{EA9C1546-6A39-4AC4-BBC3-005BCEB3D457}"
EndProject
Project("{8BC9CEB8-8B4A-11D0-8D11-00A0C91BC942}") = "Bai058", "Bai058\Bai058.vcxproj", "{81AB41DB-049E-472F-ABFE-8C94E537030D}"
EndProject
Project("{8BC9CEB8-8B4A-11D0-8D11-00A0C91BC942}") = "Bai063", "Bai063\Bai063.vcxproj", "{C0B71D74-9D9E-4BD2-A161-53CE4B05B9C9}"
EndProject
Project("{8BC9CEB8-8B4A-11D0-8D11-00A0C91BC942}") = "Bai068", "Bai068\Bai068.vcxproj", "{03DBD79B-78EE-4A25-A3AD-B2F77CD75F4E}"
EndProject
Project("{8BC9CEB8-8B4A-11D0-8D11-00A0C91BC942}") = "Bai073", "Bai073\Bai073.vcxproj", "{735D1069-601E-4CEC-8C6D-37BF64FC5ADE}"
EndProject
Project("{8BC9CEB8-8B4A-11D0-8D11-00A0C91BC942}") = "Bai078", "Bai078\Bai078.vcxproj", "{7A011AD1-4669-4892-BC75-ED76C1D51F37}"
EndProject
Project("{8BC9CEB8-8B4A-11D0-8D11-00A0C91BC942}") = "Bai083", "Bai083\Bai083.vcxproj", "{ABF58B81-AA3A-48FB-9573-175B1E772A5E}"
EndProject
Project("{8BC9CEB8-8B4A-11D0-8D11-00A0C91BC942}") = "Bai088", "Bai088\Bai088.vcxproj", "{7E337B75-38E9-4FAA-BB4D-A50C04EF3792}"
EndProject
Project("{8BC9CEB8-8B4A-11D0-8D11-00A0C91BC942}") = "Bai093", "Bai093\Bai093.vcxproj", "{F72126C2-5AFB-4609-AF37-1B9F81A1C968}"
EndProject
Project("{8BC9CEB8-8B4A-11D0-8D11-00A0C91BC942}") = "Bai098", "Bai098\Bai098.vcxproj", "{5EF7D3BF-B609-407D-979D-810E06ABF2DB}"
EndProject
Project("{8BC9CEB8-8B4A-11D0-8D11-00A0C91BC942}") = "Bai103", "Bai103\Bai103.vcxproj", "{EC859C1A-AF89-4D1F-9074-ACD1E3FDF85F}"
EndProject
Project("{8BC9CEB8-8B4A-11D0-8D11-00A0C91BC942}") = "Bai108", "Bai108\Bai108.vcxproj", "{555E89B7-7826-4294-96A6-F8BBD09BBBB3}"
EndProject
Project("{8BC9CEB8-8B4A-11D0-8D11-00A0C91BC942}") = "Bai113", "Bai113\Bai113.vcxproj", "{83600D8E-0B23-4B3E-B96B-2F82B9EFB7C5}"
EndProject
Project("{8BC9CEB8-8B4A-11D0-8D11-00A0C91BC942}") = "Bai118", "Bai118\Bai118.vcxproj", "{C9D287CC-698F-4148-A237-FDE23F5FC0A9}"
EndProject
Project("{8BC9CEB8-8B4A-11D0-8D11-00A0C91BC942}") = "Bai123", "Bai123\Bai123.vcxproj", "{2AD5699B-A12F-4942-B5AE-ADABA05418CC}"
EndProject
Project("{8BC9CEB8-8B4A-11D0-8D11-00A0C91BC942}") = "Bai128", "Bai128\Bai128.vcxproj", "{680B613A-CA37-42D5-9637-EA72DEB64556}"
EndProject
Project("{8BC9CEB8-8B4A-11D0-8D11-00A0C91BC942}") = "Bai133", "Bai133\Bai133.vcxproj", "{034D96B9-D247-41E1-B621-FA449B47EF69}"
EndProject
Project("{8BC9CEB8-8B4A-11D0-8D11-00A0C91BC942}") = "Bai138", "Bai138\Bai138.vcxproj", "{52CB7044-2B98-4349-BAEB-48C46AEBCAC2}"
EndProject
Project("{8BC9CEB8-8B4A-11D0-8D11-00A0C91BC942}") = "Bai143", "Bai143\Bai143.vcxproj", "{3BA132CC-AF18-427C-9550-E7BD391061A6}"
EndProject
Project("{8BC9CEB8-8B4A-11D0-8D11-00A0C91BC942}") = "Bai148", "Bai148\Bai148.vcxproj", "{CB5D3564-4626-4E66-8A10-7ACDA3A2CCE3}"
EndProject
Project("{8BC9CEB8-8B4A-11D0-8D11-00A0C91BC942}") = "Bai153", "Bai153\Bai153.vcxproj", "{1C99C6FC-51C6-4360-AAD7-7D8807220BA9}"
EndProject
Project("{8BC9CEB8-8B4A-11D0-8D11-00A0C91BC942}") = "Bai158", "Bai158\Bai158.vcxproj", "{705EAE41-D2F6-4E15-AED3-5FD574A6BBE1}"
EndProject
Project("{8BC9CEB8-8B4A-11D0-8D11-00A0C91BC942}") = "Bai163", "Bai163\Bai163.vcxproj", "{0C7BDF39-BFF4-4A73-8E67-90EB07F8CEB8}"
EndProject
Project("{8BC9CEB8-8B4A-11D0-8D11-00A0C91BC942}") = "Bai168", "Bai168\Bai168.vcxproj", "{DB58DB41-2BD4-44C7-95C4-663CB26C52E9}"
EndProject
Project("{8BC9CEB8-8B4A-11D0-8D11-00A0C91BC942}") = "Bai173", "Bai173\Bai173.vcxproj", "{43F13C62-C10A-4019-AEFE-CE499F171632}"
EndProject
Project("{8BC9CEB8-8B4A-11D0-8D11-00A0C91BC942}") = "Bai178", "Bai178\Bai178.vcxproj", "{22FD6F4A-4DA9-4B25-B30D-4344C9E321F8}"
EndProject
Project("{8BC9CEB8-8B4A-11D0-8D11-00A0C91BC942}") = "Bai183", "Bai183\Bai183.vcxproj", "{12568002-E27F-4224-8BD0-349185CF4143}"
EndProject
Project("{8BC9CEB8-8B4A-11D0-8D11-00A0C91BC942}") = "Bai188", "Bai188\Bai188.vcxproj", "{A5246312-E439-4987-83DE-B22F6DBDA1AC}"
EndProject
Project("{8BC9CEB8-8B4A-11D0-8D11-00A0C91BC942}") = "Bai193", "Bai193\Bai193.vcxproj", "{954F22DC-0224-4C18-BCAB-6903653225AA}"
EndProject
Global
	GlobalSection(SolutionConfigurationPlatforms) = preSolution
		Debug|x64 = Debug|x64
		Debug|x86 = Debug|x86
		Release|x64 = Release|x64
		Release|x86 = Release|x86
	EndGlobalSection
	GlobalSection(ProjectConfigurationPlatforms) = postSolution
		{8D81BC69-329C-48B3-B198-04097DB27229}.Debug|x64.ActiveCfg = Debug|x64
		{8D81BC69-329C-48B3-B198-04097DB27229}.Debug|x64.Build.0 = Debug|x64
		{8D81BC69-329C-48B3-B198-04097DB27229}.Debug|x86.ActiveCfg = Debug|Win32
		{8D81BC69-329C-48B3-B198-04097DB27229}.Debug|x86.Build.0 = Debug|Win32
		{8D81BC69-329C-48B3-B198-04097DB27229}.Release|x64.ActiveCfg = Release|x64
		{8D81BC69-329C-48B3-B198-04097DB27229}.Release|x64.Build.0 = Release|x64
		{8D81BC69-329C-48B3-B198-04097DB27229}.Release|x86.ActiveCfg = Release|Win32
		{8D81BC69-329C-48B3-B198-04097DB27229}.Release|x86.Build.0 = Release|Win32
		{843064CB-8D45-4A01-8F6B-678916A11997}.Debug|x64.ActiveCfg = Debug|x64
		{843064CB-8D45-4A01-8F6B-678916A11997}.Debug|x64.Build.0 = Debug|x64
		{843064CB-8D45-4A01-8F6B-678916A11997}.Debug|x86.ActiveCfg = Debug|Win32
		{843064CB-8D45-4A01-8F6B-678916A11997}.Debug|x86.Build.0 = Debug|Win32
		{843064CB-8D45-4A01-8F6B-678916A11997}.Release|x64.ActiveCfg = Release|x64
		{843064CB-8D45-4A01-8F6B-678916A11997}.Release|x64.Build.0 = Release|x64
		{843064CB-8D45-4A01-8F6B-678916A11997}.Release|x86.ActiveCfg = Release|Win32
		{843064CB-8D45-4A01-8F6B-678916A11997}.Release|x86.Build.0 = Release|Win32
		{FEE1DFDA-EC0B-4622-AB92-15363ECE9DC4}.Debug|x64.ActiveCfg = Debug|x64
		{FEE1DFDA-EC0B-4622-AB92-15363ECE9DC4}.Debug|x64.Build.0 = Debug|x64
		{FEE1DFDA-EC0B-4622-AB92-15363ECE9DC4}.Debug|x86.ActiveCfg = Debug|Win32
		{FEE1DFDA-EC0B-4622-AB92-15363ECE9DC4}.Debug|x86.Build.0 = Debug|Win32
		{FEE1DFDA-EC0B-4622-AB92-15363ECE9DC4}.Release|x64.ActiveCfg = Release|x64
		{FEE1DFDA-EC0B-4622-AB92-15363ECE9DC4}.Release|x64.Build.0 = Release|x64
		{FEE1DFDA-EC0B-4622-AB92-15363ECE9DC4}.Release|x86.ActiveCfg = Release|Win32
		{FEE1DFDA-EC0B-4622-AB92-15363ECE9DC4}.Release|x86.Build.0 = Release|Win32
		{F84BDC6B-F771-4409-9940-61E9C449D1BF}.Debug|x64.ActiveCfg = Debug|x64
		{F84BDC6B-F771-4409-9940-61E9C449D1BF}.Debug|x64.Build.0 = Debug|x64
		{F84BDC6B-F771-4409-9940-61E9C449D1BF}.Debug|x86.ActiveCfg = Debug|Win32
		{F84BDC6B-F771-4409-9940-61E9C449D1BF}.Debug|x86.Build.0 = Debug|Win32
		{F84BDC6B-F771-4409-9940-61E9C449D1BF}.Release|x64.ActiveCfg = Release|x64
		{F84BDC6B-F771-4409-9940-61E9C449D1BF}.Release|x64.Build.0 = Release|x64
		{F84BDC6B-F771-4409-9940-61E9C449D1BF}.Release|x86.ActiveCfg = Release|Win32
		{F84BDC6B-F771-4409-9940-61E9C449D1BF}.Release|x86.Build.0 = Release|Win32
		{794490E9-8AB8-420F-95D7-FA0FE76695E6}.Debug|x64.ActiveCfg = Debug|x64
		{794490E9-8AB8-420F-95D7-FA0FE76695E6}.Debug|x64.Build.0 = Debug|x64
		{794490E9-8AB8-420F-95D7-FA0FE76695E6}.Debug|x86.ActiveCfg = Debug|Win32
		{794490E9-8AB8-420F-95D7-FA0FE76695E6}.Debug|x86.Build.0 = Debug|Win32
		{794490E9-8AB8-420F-95D7-FA0FE76695E6}.Release|x64.ActiveCfg = Release|x64
		{794490E9-8AB8-420F-95D7-FA0FE76695E6}.Release|x64.Build.0 = Release|x64
		{794490E9-8AB8-420F-95D7-FA0FE76695E6}.Release|x86.ActiveCfg = Release|Win32
		{794490E9-8AB8-420F-95D7-FA0FE76695E6}.Release|x86.Build.0 = Release|Win32
		{720573A0-7641-455F-8D1A-D466D4653B99}.Debug|x64.ActiveCfg = Debug|x64
		{720573A0-7641-455F-8D1A-D466D4653B99}.Debug|x64.Build.0 = Debug|x64
		{720573A0-7641-455F-8D1A-D466D4653B99}.Debug|x86.ActiveCfg = Debug|Win32
		{720573A0-7641-455F-8D1A-D466D4653B99}.Debug|x86.Build.0 = Debug|Win32
		{720573A0-7641-455F-8D1A-D466D4653B99}.Release|x64.ActiveCfg = Release|x64
		{720573A0-7641-455F-8D1A-D466D4653B99}.Release|x64.Build.0 = Release|x64
		{720573A0-7641-455F-8D1A-D466D4653B99}.Release|x86.ActiveCfg = Release|Win32
		{720573A0-7641-455F-8D1A-D466D4653B99}.Release|x86.Build.0 = Release|Win32
		{F0D3B379-D1C4-4B3E-AC4C-12F048E22953}.Debug|x64.ActiveCfg = Debug|x64
		{F0D3B379-D1C4-4B3E-AC4C-12F048E22953}.Debug|x64.Build.0 = Debug|x64
		{F0D3B379-D1C4-4B3E-AC4C-12F048E22953}.Debug|x86.ActiveCfg = Debug|Win32
		{F0D3B379-D1C4-4B3E-AC4C-12F048E22953}.Debug|x86.Build.0 = Debug|Win32
		{F0D3B379-D1C4-4B3E-AC4C-12F048E22953}.Release|x64.ActiveCfg = Release|x64
		{F0D3B379-D1C4-4B3E-AC4C-12F048E22953}.Release|x64.Build.0 = Release|x64
		{F0D3B379-D1C4-4B3E-AC4C-12F048E22953}.Release|x86.ActiveCfg = Release|Win32
		{F0D3B379-D1C4-4B3E-AC4C-12F048E22953}.Release|x86.Build.0 = Release|Win32
		{A58AB2D5-76AA-4128-8268-07798B666EE8}.Debug|x64.ActiveCfg = Debug|x64
		{A58AB2D5-76AA-4128-8268-07798B666EE8}.Debug|x64.Build.0 = Debug|x64
		{A58AB2D5-76AA-4128-8268-07798B666EE8}.Debug|x86.ActiveCfg = Debug|Win32
		{A58AB2D5-76AA-4128-8268-07798B666EE8}.Debug|x86.Build.0 = Debug|Win32
		{A58AB2D5-76AA-4128-8268-07798B666EE8}.Release|x64.ActiveCfg = Release|x64
		{A58AB2D5-76AA-4128-8268-07798B666EE8}.Release|x64.Build.0 = Release|x64
		{A58AB2D5-76AA-4128-8268-07798B666EE8}.Release|x86.ActiveCfg = Release|Win32
		{A58AB2D5-76AA-4128-8268-07798B666EE8}.Release|x86.Build.0 = Release|Win32
		{EC6DE569-F822-4203-8682-EAB87307C073}.Debug|x64.ActiveCfg = Debug|x64
		{EC6DE569-F822-4203-8682-EAB87307C073}.Debug|x64.Build.0 = Debug|x64
		{EC6DE569-F822-4203-8682-EAB87307C073}.Debug|x86.ActiveCfg = Debug|Win32
		{EC6DE569-F822-4203-8682-EAB87307C073}.Debug|x86.Build.0 = Debug|Win32
		{EC6DE569-F822-4203-8682-EAB87307C073}.Release|x64.ActiveCfg = Release|x64
		{EC6DE569-F822-4203-8682-EAB87307C073}.Release|x64.Build.0 = Release|x64
		{EC6DE569-F822-4203-8682-EAB87307C073}.Release|x86.ActiveCfg = Release|Win32
		{EC6DE569-F822-4203-8682-EAB87307C073}.Release|x86.Build.0 = Release|Win32
		{4A8FE92F-EBDE-48CF-89E4-359BE01C8FD5}.Debug|x64.ActiveCfg = Debug|x64
		{4A8FE92F-EBDE-48CF-89E4-359BE01C8FD5}.Debug|x64.Build.0 = Debug|x64
		{4A8FE92F-EBDE-48CF-89E4-359BE01C8FD5}.Debug|x86.ActiveCfg = Debug|Win32
		{4A8FE92F-EBDE-48CF-89E4-359BE01C8FD5}.Debug|x86.Build.0 = Debug|Win32
		{4A8FE92F-EBDE-48CF-89E4-359BE01C8FD5}.Release|x64.ActiveCfg = Release|x64
		{4A8FE92F-EBDE-48CF-89E4-359BE01C8FD5}.Release|x64.Build.0 = Release|x64
		{4A8FE92F-EBDE-48CF-89E4-359BE01C8FD5}.Release|x86.ActiveCfg = Release|Win32
		{4A8FE92F-EBDE-48CF-89E4-359BE01C8FD5}.Release|x86.Build.0 = Release|Win32
		{EA9C1546-6A39-4AC4-BBC3-005BCEB3D457}.Debug|x64.ActiveCfg = Debug|x64
		{EA9C1546-6A39-4AC4-BBC3-005BCEB3D457}.Debug|x64.Build.0 = Debug|x64
		{EA9C1546-6A39-4AC4-BBC3-005BCEB3D457}.Debug|x86.ActiveCfg = Debug|Win32
		{EA9C1546-6A39-4AC4-BBC3-005BCEB3D457}.Debug|x86.Build.0 = Debug|Win32
		{EA9C1546-6A39-4AC4-BBC3-005BCEB3D457}.Release|x64.ActiveCfg = Release|x64
		{EA9C1546-6A39-4AC4-BBC3-005BCEB3D457}.Release|x64.Build.0 = Release|x64
		{EA9C1546-6A39-4AC4-BBC3-005BCEB3D457}.Release|x86.ActiveCfg = Release|Win32
		{EA9C1546-6A39-4AC4-BBC3-005BCEB3D457}.Release|x86.Build.0 = Release|Win32
		{81AB41DB-049E-472F-ABFE-8C94E537030D}.Debug|x64.ActiveCfg = Debug|x64
		{81AB41DB-049E-472F-ABFE-8C94E537030D}.Debug|x64.Build.0 = Debug|x64
		{81AB41DB-049E-472F-ABFE-8C94E537030D}.Debug|x86.ActiveCfg = Debug|Win32
		{81AB41DB-049E-472F-ABFE-8C94E537030D}.Debug|x86.Build.0 = Debug|Win32
		{81AB41DB-049E-472F-ABFE-8C94E537030D}.Release|x64.ActiveCfg = Release|x64
		{81AB41DB-049E-472F-ABFE-8C94E537030D}.Release|x64.Build.0 = Release|x64
		{81AB41DB-049E-472F-ABFE-8C94E537030D}.Release|x86.ActiveCfg = Release|Win32
		{81AB41DB-049E-472F-ABFE-8C94E537030D}.Release|x86.Build.0 = Release|Win32
		{C0B71D74-9D9E-4BD2-A161-53CE4B05B9C9}.Debug|x64.ActiveCfg = Debug|x64
		{C0B71D74-9D9E-4BD2-A161-53CE4B05B9C9}.Debug|x64.Build.0 = Debug|x64
		{C0B71D74-9D9E-4BD2-A161-53CE4B05B9C9}.Debug|x86.ActiveCfg = Debug|Win32
		{C0B71D74-9D9E-4BD2-A161-53CE4B05B9C9}.Debug|x86.Build.0 = Debug|Win32
		{C0B71D74-9D9E-4BD2-A161-53CE4B05B9C9}.Release|x64.ActiveCfg = Release|x64
		{C0B71D74-9D9E-4BD2-A161-53CE4B05B9C9}.Release|x64.Build.0 = Release|x64
		{C0B71D74-9D9E-4BD2-A161-53CE4B05B9C9}.Release|x86.ActiveCfg = Release|Win32
		{C0B71D74-9D9E-4BD2-A161-53CE4B05B9C9}.Release|x86.Build.0 = Release|Win32
		{03DBD79B-78EE-4A25-A3AD-B2F77CD75F4E}.Debug|x64.ActiveCfg = Debug|x64
		{03DBD79B-78EE-4A25-A3AD-B2F77CD75F4E}.Debug|x64.Build.0 = Debug|x64
		{03DBD79B-78EE-4A25-A3AD-B2F77CD75F4E}.Debug|x86.ActiveCfg = Debug|Win32
		{03DBD79B-78EE-4A25-A3AD-B2F77CD75F4E}.Debug|x86.Build.0 = Debug|Win32
		{03DBD79B-78EE-4A25-A3AD-B2F77CD75F4E}.Release|x64.ActiveCfg = Release|x64
		{03DBD79B-78EE-4A25-A3AD-B2F77CD75F4E}.Release|x64.Build.0 = Release|x64
		{03DBD79B-78EE-4A25-A3AD-B2F77CD75F4E}.Release|x86.ActiveCfg = Release|Win32
		{03DBD79B-78EE-4A25-A3AD-B2F77CD75F4E}.Release|x86.Build.0 = Release|Win32
		{735D1069-601E-4CEC-8C6D-37BF64FC5ADE}.Debug|x64.ActiveCfg = Debug|x64
		{735D1069-601E-4CEC-8C6D-37BF64FC5ADE}.Debug|x64.Build.0 = Debug|x64
		{735D1069-601E-4CEC-8C6D-37BF64FC5ADE}.Debug|x86.ActiveCfg = Debug|Win32
		{735D1069-601E-4CEC-8C6D-37BF64FC5ADE}.Debug|x86.Build.0 = Debug|Win32
		{735D1069-601E-4CEC-8C6D-37BF64FC5ADE}.Release|x64.ActiveCfg = Release|x64
		{735D1069-601E-4CEC-8C6D-37BF64FC5ADE}.Release|x64.Build.0 = Release|x64
		{735D1069-601E-4CEC-8C6D-37BF64FC5ADE}.Release|x86.ActiveCfg = Release|Win32
		{735D1069-601E-4CEC-8C6D-37BF64FC5ADE}.Release|x86.Build.0 = Release|Win32
		{7A011AD1-4669-4892-BC75-ED76C1D51F37}.Debug|x64.ActiveCfg = Debug|x64
		{7A011AD1-4669-4892-BC75-ED76C1D51F37}.Debug|x64.Build.0 = Debug|x64
		{7A011AD1-4669-4892-BC75-ED76C1D51F37}.Debug|x86.ActiveCfg = Debug|Win32
		{7A011AD1-4669-4892-BC75-ED76C1D51F37}.Debug|x86.Build.0 = Debug|Win32
		{7A011AD1-4669-4892-BC75-ED76C1D51F37}.Release|x64.ActiveCfg = Release|x64
		{7A011AD1-4669-4892-BC75-ED76C1D51F37}.Release|x64.Build.0 = Release|x64
		{7A011AD1-4669-4892-BC75-ED76C1D51F37}.Release|x86.ActiveCfg = Release|Win32
		{7A011AD1-4669-4892-BC75-ED76C1D51F37}.Release|x86.Build.0 = Release|Win32
		{ABF58B81-AA3A-48FB-9573-175B1E772A5E}.Debug|x64.ActiveCfg = Debug|x64
		{ABF58B81-AA3A-48FB-9573-175B1E772A5E}.Debug|x64.Build.0 = Debug|x64
		{ABF58B81-AA3A-48FB-9573-175B1E772A5E}.Debug|x86.ActiveCfg = Debug|Win32
		{ABF58B81-AA3A-48FB-9573-175B1E772A5E}.Debug|x86.Build.0 = Debug|Win32
		{ABF58B81-AA3A-48FB-9573-175B1E772A5E}.Release|x64.ActiveCfg = Release|x64
		{ABF58B81-AA3A-48FB-9573-175B1E772A5E}.Release|x64.Build.0 = Release|x64
		{ABF58B81-AA3A-48FB-9573-175B1E772A5E}.Release|x86.ActiveCfg = Release|Win32
		{ABF58B81-AA3A-48FB-9573-175B1E772A5E}.Release|x86.Build.0 = Release|Win32
		{7E337B75-38E9-4FAA-BB4D-A50C04EF3792}.Debug|x64.ActiveCfg = Debug|x64
		{7E337B75-38E9-4FAA-BB4D-A50C04EF3792}.Debug|x64.Build.0 = Debug|x64
		{7E337B75-38E9-4FAA-BB4D-A50C04EF3792}.Debug|x86.ActiveCfg = Debug|Win32
		{7E337B75-38E9-4FAA-BB4D-A50C04EF3792}.Debug|x86.Build.0 = Debug|Win32
		{7E337B75-38E9-4FAA-BB4D-A50C04EF3792}.Release|x64.ActiveCfg = Release|x64
		{7E337B75-38E9-4FAA-BB4D-A50C04EF3792}.Release|x64.Build.0 = Release|x64
		{7E337B75-38E9-4FAA-BB4D-A50C04EF3792}.Release|x86.ActiveCfg = Release|Win32
		{7E337B75-38E9-4FAA-BB4D-A50C04EF3792}.Release|x86.Build.0 = Release|Win32
		{F72126C2-5AFB-4609-AF37-1B9F81A1C968}.Debug|x64.ActiveCfg = Debug|x64
		{F72126C2-5AFB-4609-AF37-1B9F81A1C968}.Debug|x64.Build.0 = Debug|x64
		{F72126C2-5AFB-4609-AF37-1B9F81A1C968}.Debug|x86.ActiveCfg = Debug|Win32
		{F72126C2-5AFB-4609-AF37-1B9F81A1C968}.Debug|x86.Build.0 = Debug|Win32
		{F72126C2-5AFB-4609-AF37-1B9F81A1C968}.Release|x64.ActiveCfg = Release|x64
		{F72126C2-5AFB-4609-AF37-1B9F81A1C968}.Release|x64.Build.0 = Release|x64
		{F72126C2-5AFB-4609-AF37-1B9F81A1C968}.Release|x86.ActiveCfg = Release|Win32
		{F72126C2-5AFB-4609-AF37-1B9F81A1C968}.Release|x86.Build.0 = Release|Win32
		{5EF7D3BF-B609-407D-979D-810E06ABF2DB}.Debug|x64.ActiveCfg = Debug|x64
		{5EF7D3BF-B609-407D-979D-810E06ABF2DB}.Debug|x64.Build.0 = Debug|x64
		{5EF7D3BF-B609-407D-979D-810E06ABF2DB}.Debug|x86.ActiveCfg = Debug|Win32
		{5EF7D3BF-B609-407D-979D-810E06ABF2DB}.Debug|x86.Build.0 = Debug|Win32
		{5EF7D3BF-B609-407D-979D-810E06ABF2DB}.Release|x64.ActiveCfg = Release|x64
		{5EF7D3BF-B609-407D-979D-810E06ABF2DB}.Release|x64.Build.0 = Release|x64
		{5EF7D3BF-B609-407D-979D-810E06ABF2DB}.Release|x86.ActiveCfg = Release|Win32
		{5EF7D3BF-B609-407D-979D-810E06ABF2DB}.Release|x86.Build.0 = Release|Win32
		{EC859C1A-AF89-4D1F-9074-ACD1E3FDF85F}.Debug|x64.ActiveCfg = Debug|x64
		{EC859C1A-AF89-4D1F-9074-ACD1E3FDF85F}.Debug|x64.Build.0 = Debug|x64
		{EC859C1A-AF89-4D1F-9074-ACD1E3FDF85F}.Debug|x86.ActiveCfg = Debug|Win32
		{EC859C1A-AF89-4D1F-9074-ACD1E3FDF85F}.Debug|x86.Build.0 = Debug|Win32
		{EC859C1A-AF89-4D1F-9074-ACD1E3FDF85F}.Release|x64.ActiveCfg = Release|x64
		{EC859C1A-AF89-4D1F-9074-ACD1E3FDF85F}.Release|x64.Build.0 = Release|x64
		{EC859C1A-AF89-4D1F-9074-ACD1E3FDF85F}.Release|x86.ActiveCfg = Release|Win32
		{EC859C1A-AF89-4D1F-9074-ACD1E3FDF85F}.Release|x86.Build.0 = Release|Win32
		{555E89B7-7826-4294-96A6-F8BBD09BBBB3}.Debug|x64.ActiveCfg = Debug|x64
		{555E89B7-7826-4294-96A6-F8BBD09BBBB3}.Debug|x64.Build.0 = Debug|x64
		{555E89B7-7826-4294-96A6-F8BBD09BBBB3}.Debug|x86.ActiveCfg = Debug|Win32
		{555E89B7-7826-4294-96A6-F8BBD09BBBB3}.Debug|x86.Build.0 = Debug|Win32
		{555E89B7-7826-4294-96A6-F8BBD09BBBB3}.Release|x64.ActiveCfg = Release|x64
		{555E89B7-7826-4294-96A6-F8BBD09BBBB3}.Release|x64.Build.0 = Release|x64
		{555E89B7-7826-4294-96A6-F8BBD09BBBB3}.Release|x86.ActiveCfg = Release|Win32
		{555E89B7-7826-4294-96A6-F8BBD09BBBB3}.Release|x86.Build.0 = Release|Win32
		{83600D8E-0B23-4B3E-B96B-2F82B9EFB7C5}.Debug|x64.ActiveCfg = Debug|x64
		{83600D8E-0B23-4B3E-B96B-2F82B9EFB7C5}.Debug|x64.Build.0 = Debug|x64
		{83600D8E-0B23-4B3E-B96B-2F82B9EFB7C5}.Debug|x86.ActiveCfg = Debug|Win32
		{83600D8E-0B23-4B3E-B96B-2F82B9EFB7C5}.Debug|x86.Build.0 = Debug|Win32
		{83600D8E-0B23-4B3E-B96B-2F82B9EFB7C5}.Release|x64.ActiveCfg = Release|x64
		{83600D8E-0B23-4B3E-B96B-2F82B9EFB7C5}.Release|x64.Build.0 = Release|x64
		{83600D8E-0B23-4B3E-B96B-2F82B9EFB7C5}.Release|x86.ActiveCfg = Release|Win32
		{83600D8E-0B23-4B3E-B96B-2F82B9EFB7C5}.Release|x86.Build.0 = Release|Win32
		{C9D287CC-698F-4148-A237-FDE23F5FC0A9}.Debug|x64.ActiveCfg = Debug|x64
		{C9D287CC-698F-4148-A237-FDE23F5FC0A9}.Debug|x64.Build.0 = Debug|x64
		{C9D287CC-698F-4148-A237-FDE23F5FC0A9}.Debug|x86.ActiveCfg = Debug|Win32
		{C9D287CC-698F-4148-A237-FDE23F5FC0A9}.Debug|x86.Build.0 = Debug|Win32
		{C9D287CC-698F-4148-A237-FDE23F5FC0A9}.Release|x64.ActiveCfg = Release|x64
		{C9D287CC-698F-4148-A237-FDE23F5FC0A9}.Release|x64.Build.0 = Release|x64
		{C9D287CC-698F-4148-A237-FDE23F5FC0A9}.Release|x86.ActiveCfg = Release|Win32
		{C9D287CC-698F-4148-A237-FDE23F5FC0A9}.Release|x86.Build.0 = Release|Win32
		{2AD5699B-A12F-4942-B5AE-ADABA05418CC}.Debug|x64.ActiveCfg = Debug|x64
		{2AD5699B-A12F-4942-B5AE-ADABA05418CC}.Debug|x64.Build.0 = Debug|x64
		{2AD5699B-A12F-4942-B5AE-ADABA05418CC}.Debug|x86.ActiveCfg = Debug|Win32
		{2AD5699B-A12F-4942-B5AE-ADABA05418CC}.Debug|x86.Build.0 = Debug|Win32
		{2AD5699B-A12F-4942-B5AE-ADABA05418CC}.Release|x64.ActiveCfg = Release|x64
		{2AD5699B-A12F-4942-B5AE-ADABA05418CC}.Release|x64.Build.0 = Release|x64
		{2AD5699B-A12F-4942-B5AE-ADABA05418CC}.Release|x86.ActiveCfg = Release|Win32
		{2AD5699B-A12F-4942-B5AE-ADABA05418CC}.Release|x86.Build.0 = Release|Win32
		{680B613A-CA37-42D5-9637-EA72DEB64556}.Debug|x64.ActiveCfg = Debug|x64
		{680B613A-CA37-42D5-9637-EA72DEB64556}.Debug|x64.Build.0 = Debug|x64
		{680B613A-CA37-42D5-9637-EA72DEB64556}.Debug|x86.ActiveCfg = Debug|Win32
		{680B613A-CA37-42D5-9637-EA72DEB64556}.Debug|x86.Build.0 = Debug|Win32
		{680B613A-CA37-42D5-9637-EA72DEB64556}.Release|x64.ActiveCfg = Release|x64
		{680B613A-CA37-42D5-9637-EA72DEB64556}.Release|x64.Build.0 = Release|x64
		{680B613A-CA37-42D5-9637-EA72DEB64556}.Release|x86.ActiveCfg = Release|Win32
		{680B613A-CA37-42D5-9637-EA72DEB64556}.Release|x86.Build.0 = Release|Win32
		{034D96B9-D247-41E1-B621-FA449B47EF69}.Debug|x64.ActiveCfg = Debug|x64
		{034D96B9-D247-41E1-B621-FA449B47EF69}.Debug|x64.Build.0 = Debug|x64
		{034D96B9-D247-41E1-B621-FA449B47EF69}.Debug|x86.ActiveCfg = Debug|Win32
		{034D96B9-D247-41E1-B621-FA449B47EF69}.Debug|x86.Build.0 = Debug|Win32
		{034D96B9-D247-41E1-B621-FA449B47EF69}.Release|x64.ActiveCfg = Release|x64
		{034D96B9-D247-41E1-B621-FA449B47EF69}.Release|x64.Build.0 = Release|x64
		{034D96B9-D247-41E1-B621-FA449B47EF69}.Release|x86.ActiveCfg = Release|Win32
		{034D96B9-D247-41E1-B621-FA449B47EF69}.Release|x86.Build.0 = Release|Win32
		{52CB7044-2B98-4349-BAEB-48C46AEBCAC2}.Debug|x64.ActiveCfg = Debug|x64
		{52CB7044-2B98-4349-BAEB-48C46AEBCAC2}.Debug|x64.Build.0 = Debug|x64
		{52CB7044-2B98-4349-BAEB-48C46AEBCAC2}.Debug|x86.ActiveCfg = Debug|Win32
		{52CB7044-2B98-4349-BAEB-48C46AEBCAC2}.Debug|x86.Build.0 = Debug|Win32
		{52CB7044-2B98-4349-BAEB-48C46AEBCAC2}.Release|x64.ActiveCfg = Release|x64
		{52CB7044-2B98-4349-BAEB-48C46AEBCAC2}.Release|x64.Build.0 = Release|x64
		{52CB7044-2B98-4349-BAEB-48C46AEBCAC2}.Release|x86.ActiveCfg = Release|Win32
		{52CB7044-2B98-4349-BAEB-48C46AEBCAC2}.Release|x86.Build.0 = Release|Win32
		{3BA132CC-AF18-427C-9550-E7BD391061A6}.Debug|x64.ActiveCfg = Debug|x64
		{3BA132CC-AF18-427C-9550-E7BD391061A6}.Debug|x64.Build.0 = Debug|x64
		{3BA132CC-AF18-427C-9550-E7BD391061A6}.Debug|x86.ActiveCfg = Debug|Win32
		{3BA132CC-AF18-427C-9550-E7BD391061A6}.Debug|x86.Build.0 = Debug|Win32
		{3BA132CC-AF18-427C-9550-E7BD391061A6}.Release|x64.ActiveCfg = Release|x64
		{3BA132CC-AF18-427C-9550-E7BD391061A6}.Release|x64.Build.0 = Release|x64
		{3BA132CC-AF18-427C-9550-E7BD391061A6}.Release|x86.ActiveCfg = Release|Win32
		{3BA132CC-AF18-427C-9550-E7BD391061A6}.Release|x86.Build.0 = Release|Win32
		{CB5D3564-4626-4E66-8A10-7ACDA3A2CCE3}.Debug|x64.ActiveCfg = Debug|x64
		{CB5D3564-4626-4E66-8A10-7ACDA3A2CCE3}.Debug|x64.Build.0 = Debug|x64
		{CB5D3564-4626-4E66-8A10-7ACDA3A2CCE3}.Debug|x86.ActiveCfg = Debug|Win32
		{CB5D3564-4626-4E66-8A10-7ACDA3A2CCE3}.Debug|x86.Build.0 = Debug|Win32
		{CB5D3564-4626-4E66-8A10-7ACDA3A2CCE3}.Release|x64.ActiveCfg = Release|x64
		{CB5D3564-4626-4E66-8A10-7ACDA3A2CCE3}.Release|x64.Build.0 = Release|x64
		{CB5D3564-4626-4E66-8A10-7ACDA3A2CCE3}.Release|x86.ActiveCfg = Release|Win32
		{CB5D3564-4626-4E66-8A10-7ACDA3A2CCE3}.Release|x86.Build.0 = Release|Win32
		{1C99C6FC-51C6-4360-AAD7-7D8807220BA9}.Debug|x64.ActiveCfg = Debug|x64
		{1C99C6FC-51C6-4360-AAD7-7D8807220BA9}.Debug|x64.Build.0 = Debug|x64
		{1C99C6FC-51C6-4360-AAD7-7D8807220BA9}.Debug|x86.ActiveCfg = Debug|Win32
		{1C99C6FC-51C6-4360-AAD7-7D8807220BA9}.Debug|x86.Build.0 = Debug|Win32
		{1C99C6FC-51C6-4360-AAD7-7D8807220BA9}.Release|x64.ActiveCfg = Release|x64
		{1C99C6FC-51C6-4360-AAD7-7D8807220BA9}.Release|x64.Build.0 = Release|x64
		{1C99C6FC-51C6-4360-AAD7-7D8807220BA9}.Release|x86.ActiveCfg = Release|Win32
		{1C99C6FC-51C6-4360-AAD7-7D8807220BA9}.Release|x86.Build.0 = Release|Win32
		{705EAE41-D2F6-4E15-AED3-5FD574A6BBE1}.Debug|x64.ActiveCfg = Debug|x64
		{705EAE41-D2F6-4E15-AED3-5FD574A6BBE1}.Debug|x64.Build.0 = Debug|x64
		{705EAE41-D2F6-4E15-AED3-5FD574A6BBE1}.Debug|x86.ActiveCfg = Debug|Win32
		{705EAE41-D2F6-4E15-AED3-5FD574A6BBE1}.Debug|x86.Build.0 = Debug|Win32
		{705EAE41-D2F6-4E15-AED3-5FD574A6BBE1}.Release|x64.ActiveCfg = Release|x64
		{705EAE41-D2F6-4E15-AED3-5FD574A6BBE1}.Release|x64.Build.0 = Release|x64
		{705EAE41-D2F6-4E15-AED3-5FD574A6BBE1}.Release|x86.ActiveCfg = Release|Win32
		{705EAE41-D2F6-4E15-AED3-5FD574A6BBE1}.Release|x86.Build.0 = Release|Win32
		{0C7BDF39-BFF4-4A73-8E67-90EB07F8CEB8}.Debug|x64.ActiveCfg = Debug|x64
		{0C7BDF39-BFF4-4A73-8E67-90EB07F8CEB8}.Debug|x64.Build.0 = Debug|x64
		{0C7BDF39-BFF4-4A73-8E67-90EB07F8CEB8}.Debug|x86.ActiveCfg = Debug|Win32
		{0C7BDF39-BFF4-4A73-8E67-90EB07F8CEB8}.Debug|x86.Build.0 = Debug|Win32
		{0C7BDF39-BFF4-4A73-8E67-90EB07F8CEB8}.Release|x64.ActiveCfg = Release|x64
		{0C7BDF39-BFF4-4A73-8E67-90EB07F8CEB8}.Release|x64.Build.0 = Release|x64
		{0C7BDF39-BFF4-4A73-8E67-90EB07F8CEB8}.Release|x86.ActiveCfg = Release|Win32
		{0C7BDF39-BFF4-4A73-8E67-90EB07F8CEB8}.Release|x86.Build.0 = Release|Win32
		{DB58DB41-2BD4-44C7-95C4-663CB26C52E9}.Debug|x64.ActiveCfg = Debug|x64
		{DB58DB41-2BD4-44C7-95C4-663CB26C52E9}.Debug|x64.Build.0 = Debug|x64
		{DB58DB41-2BD4-44C7-95C4-663CB26C52E9}.Debug|x86.ActiveCfg = Debug|Win32
		{DB58DB41-2BD4-44C7-95C4-663CB26C52E9}.Debug|x86.Build.0 = Debug|Win32
		{DB58DB41-2BD4-44C7-95C4-663CB26C52E9}.Release|x64.ActiveCfg = Release|x64
		{DB58DB41-2BD4-44C7-95C4-663CB26C52E9}.Release|x64.Build.0 = Release|x64
		{DB58DB41-2BD4-44C7-95C4-663CB26C52E9}.Release|x86.ActiveCfg = Release|Win32
		{DB58DB41-2BD4-44C7-95C4-663CB26C52E9}.Release|x86.Build.0 = Release|Win32
		{43F13C62-C10A-4019-AEFE-CE499F171632}.Debug|x64.ActiveCfg = Debug|x64
		{43F13C62-C10A-4019-AEFE-CE499F171632}.Debug|x64.Build.0 = Debug|x64
		{43F13C62-C10A-4019-AEFE-CE499F171632}.Debug|x86.ActiveCfg = Debug|Win32
		{43F13C62-C10A-4019-AEFE-CE499F171632}.Debug|x86.Build.0 = Debug|Win32
		{43F13C62-C10A-4019-AEFE-CE499F171632}.Release|x64.ActiveCfg = Release|x64
		{43F13C62-C10A-4019-AEFE-CE499F171632}.Release|x64.Build.0 = Release|x64
		{43F13C62-C10A-4019-AEFE-CE499F171632}.Release|x86.ActiveCfg = Release|Win32
		{43F13C62-C10A-4019-AEFE-CE499F171632}.Release|x86.Build.0 = Release|Win32
		{22FD6F4A-4DA9-4B25-B30D-4344C9E321F8}.Debug|x64.ActiveCfg = Debug|x64
		{22FD6F4A-4DA9-4B25-B30D-4344C9E321F8}.Debug|x64.Build.0 = Debug|x64
		{22FD6F4A-4DA9-4B25-B30D-4344C9E321F8}.Debug|x86.ActiveCfg = Debug|Win32
		{22FD6F4A-4DA9-4B25-B30D-4344C9E321F8}.Debug|x86.Build.0 = Debug|Win32
		{22FD6F4A-4DA9-4B25-B30D-4344C9E321F8}.Release|x64.ActiveCfg = Release|x64
		{22FD6F4A-4DA9-4B25-B30D-4344C9E321F8}.Release|x64.Build.0 = Release|x64
		{22FD6F4A-4DA9-4B25-B30D-4344C9E321F8}.Release|x86.ActiveCfg = Release|Win32
		{22FD6F4A-4DA9-4B25-B30D-4344C9E321F8}.Release|x86.Build.0 = Release|Win32
		{12568002-E27F-4224-8BD0-349185CF4143}.Debug|x64.ActiveCfg = Debug|x64
		{12568002-E27F-4224-8BD0-349185CF4143}.Debug|x64.Build.0 = Debug|x64
		{12568002-E27F-4224-8BD0-349185CF4143}.Debug|x86.ActiveCfg = Debug|Win32
		{12568002-E27F-4224-8BD0-349185CF4143}.Debug|x86.Build.0 = Debug|Win32
		{12568002-E27F-4224-8BD0-349185CF4143}.Release|x64.ActiveCfg = Release|x64
		{12568002-E27F-4224-8BD0-349185CF4143}.Release|x64.Build.0 = Release|x64
		{12568002-E27F-4224-8BD0-349185CF4143}.Release|x86.ActiveCfg = Release|Win32
		{12568002-E27F-4224-8BD0-349185CF4143}.Release|x86.Build.0 = Release|Win32
		{A5246312-E439-4987-83DE-B22F6DBDA1AC}.Debug|x64.ActiveCfg = Debug|x64
		{A5246312-E439-4987-83DE-B22F6DBDA1AC}.Debug|x64.Build.0 = Debug|x64
		{A5246312-E439-4987-83DE-B22F6DBDA1AC}.Debug|x86.ActiveCfg = Debug|Win32
		{A5246312-E439-4987-83DE-B22F6DBDA1AC}.Debug|x86.Build.0 = Debug|Win32
		{A5246312-E439-4987-83DE-B22F6DBDA1AC}.Release|x64.ActiveCfg = Release|x64
		{A5246312-E439-4987-83DE-B22F6DBDA1AC}.Release|x64.Build.0 = Release|x64
		{A5246312-E439-4987-83DE-B22F6DBDA1AC}.Release|x86.ActiveCfg = Release|Win32
		{A5246312-E439-4987-83DE-B22F6DBDA1AC}.Release|x86.Build.0 = Release|Win32
		{954F22DC-0224-4C18-BCAB-6903653225AA}.Debug|x64.ActiveCfg = Debug|x64
		{954F22DC-0224-4C18-BCAB-6903653225AA}.Debug|x64.Build.0 = Debug|x64
		{954F22DC-0224-4C18-BCAB-6903653225AA}.Debug|x86.ActiveCfg = Debug|Win32
		{954F22DC-0224-4C18-BCAB-6903653225AA}.Debug|x86.Build.0 = Debug|Win32
		{954F22DC-0224-4C18-BCAB-6903653225AA}.Release|x64.ActiveCfg = Release|x64
		{954F22DC-0224-4C18-BCAB-6903653225AA}.Release|x64.Build.0 = Release|x64
		{954F22DC-0224-4C18-BCAB-6903653225AA}.Release|x86.ActiveCfg = Release|Win32
		{954F22DC-0224-4C18-BCAB-6903653225AA}.Release|x86.Build.0 = Release|Win32
	EndGlobalSection
	GlobalSection(SolutionProperties) = preSolution
		HideSolutionNode = FALSE
	EndGlobalSection
	GlobalSection(ExtensibilityGlobals) = postSolution
		SolutionGuid = {50918495-BBA7-4550-A149-29BEFDCF72AB}
	EndGlobalSection
EndGlobal
